
Microsoft Visual Studio Solution File, Format Version 12.00
# Visual Studio Version 16
VisualStudioVersion = 16.0.29806.167
MinimumVisualStudioVersion = 10.0.40219.1
Project("{FAE04EC0-301F-11D3-BF4B-00C04F79EFBC}") = "App1", "App1\App1.csproj", "{16A5B714-9A1F-4CDC-A986-3B5CFBF10DE6}"
EndProject
Project("{FAE04EC0-301F-11D3-BF4B-00C04F79EFBC}") = "App2", "App2\App2.csproj", "{F9EF3F07-BA98-4119-BD2A-5EB79B98C53E}"
EndProject
Project("{FAE04EC0-301F-11D3-BF4B-00C04F79EFBC}") = "App3", "App3\App3.csproj", "{8F6F0091-F053-40E2-B9B5-CCF6902387F6}"
EndProject
Project("{FAE04EC0-301F-11D3-BF4B-00C04F79EFBC}") = "App4", "App4\App4.csproj", "{664E4BEB-4D34-4584-B471-5BB4206D9118}"
EndProject
Project("{FAE04EC0-301F-11D3-BF4B-00C04F79EFBC}") = "App5", "App5\App5.csproj", "{58A14DFF-6F18-4D83-B450-FC6A8CA9F8E9}"
EndProject
Global
	GlobalSection(SolutionConfigurationPlatforms) = preSolution
		Debug|ARM = Debug|ARM
		Debug|ARM64 = Debug|ARM64
		Debug|x64 = Debug|x64
		Debug|x86 = Debug|x86
		Release|ARM = Release|ARM
		Release|ARM64 = Release|ARM64
		Release|x64 = Release|x64
		Release|x86 = Release|x86
	EndGlobalSection
	GlobalSection(ProjectConfigurationPlatforms) = postSolution
		{16A5B714-9A1F-4CDC-A986-3B5CFBF10DE6}.Debug|ARM.ActiveCfg = Debug|ARM
		{16A5B714-9A1F-4CDC-A986-3B5CFBF10DE6}.Debug|ARM.Build.0 = Debug|ARM
		{16A5B714-9A1F-4CDC-A986-3B5CFBF10DE6}.Debug|ARM.Deploy.0 = Debug|ARM
		{16A5B714-9A1F-4CDC-A986-3B5CFBF10DE6}.Debug|ARM64.ActiveCfg = Debug|ARM64
		{16A5B714-9A1F-4CDC-A986-3B5CFBF10DE6}.Debug|ARM64.Build.0 = Debug|ARM64
		{16A5B714-9A1F-4CDC-A986-3B5CFBF10DE6}.Debug|ARM64.Deploy.0 = Debug|ARM64
		{16A5B714-9A1F-4CDC-A986-3B5CFBF10DE6}.Debug|x64.ActiveCfg = Debug|x64
		{16A5B714-9A1F-4CDC-A986-3B5CFBF10DE6}.Debug|x64.Build.0 = Debug|x64
		{16A5B714-9A1F-4CDC-A986-3B5CFBF10DE6}.Debug|x64.Deploy.0 = Debug|x64
		{16A5B714-9A1F-4CDC-A986-3B5CFBF10DE6}.Debug|x86.ActiveCfg = Debug|x86
		{16A5B714-9A1F-4CDC-A986-3B5CFBF10DE6}.Debug|x86.Build.0 = Debug|x86
		{16A5B714-9A1F-4CDC-A986-3B5CFBF10DE6}.Debug|x86.Deploy.0 = Debug|x86
		{16A5B714-9A1F-4CDC-A986-3B5CFBF10DE6}.Release|ARM.ActiveCfg = Release|ARM
		{16A5B714-9A1F-4CDC-A986-3B5CFBF10DE6}.Release|ARM.Build.0 = Release|ARM
		{16A5B714-9A1F-4CDC-A986-3B5CFBF10DE6}.Release|ARM.Deploy.0 = Release|ARM
		{16A5B714-9A1F-4CDC-A986-3B5CFBF10DE6}.Release|ARM64.ActiveCfg = Release|ARM64
		{16A5B714-9A1F-4CDC-A986-3B5CFBF10DE6}.Release|ARM64.Build.0 = Release|ARM64
		{16A5B714-9A1F-4CDC-A986-3B5CFBF10DE6}.Release|ARM64.Deploy.0 = Release|ARM64
		{16A5B714-9A1F-4CDC-A986-3B5CFBF10DE6}.Release|x64.ActiveCfg = Release|x64
		{16A5B714-9A1F-4CDC-A986-3B5CFBF10DE6}.Release|x64.Build.0 = Release|x64
		{16A5B714-9A1F-4CDC-A986-3B5CFBF10DE6}.Release|x64.Deploy.0 = Release|x64
		{16A5B714-9A1F-4CDC-A986-3B5CFBF10DE6}.Release|x86.ActiveCfg = Release|x86
		{16A5B714-9A1F-4CDC-A986-3B5CFBF10DE6}.Release|x86.Build.0 = Release|x86
		{16A5B714-9A1F-4CDC-A986-3B5CFBF10DE6}.Release|x86.Deploy.0 = Release|x86
		{F9EF3F07-BA98-4119-BD2A-5EB79B98C53E}.Debug|ARM.ActiveCfg = Debug|ARM
		{F9EF3F07-BA98-4119-BD2A-5EB79B98C53E}.Debug|ARM.Build.0 = Debug|ARM
		{F9EF3F07-BA98-4119-BD2A-5EB79B98C53E}.Debug|ARM.Deploy.0 = Debug|ARM
		{F9EF3F07-BA98-4119-BD2A-5EB79B98C53E}.Debug|ARM64.ActiveCfg = Debug|ARM64
		{F9EF3F07-BA98-4119-BD2A-5EB79B98C53E}.Debug|ARM64.Build.0 = Debug|ARM64
		{F9EF3F07-BA98-4119-BD2A-5EB79B98C53E}.Debug|ARM64.Deploy.0 = Debug|ARM64
		{F9EF3F07-BA98-4119-BD2A-5EB79B98C53E}.Debug|x64.ActiveCfg = Debug|x64
		{F9EF3F07-BA98-4119-BD2A-5EB79B98C53E}.Debug|x64.Build.0 = Debug|x64
		{F9EF3F07-BA98-4119-BD2A-5EB79B98C53E}.Debug|x64.Deploy.0 = Debug|x64
		{F9EF3F07-BA98-4119-BD2A-5EB79B98C53E}.Debug|x86.ActiveCfg = Debug|x86
		{F9EF3F07-BA98-4119-BD2A-5EB79B98C53E}.Debug|x86.Build.0 = Debug|x86
		{F9EF3F07-BA98-4119-BD2A-5EB79B98C53E}.Debug|x86.Deploy.0 = Debug|x86
		{F9EF3F07-BA98-4119-BD2A-5EB79B98C53E}.Release|ARM.ActiveCfg = Release|ARM
		{F9EF3F07-BA98-4119-BD2A-5EB79B98C53E}.Release|ARM.Build.0 = Release|ARM
		{F9EF3F07-BA98-4119-BD2A-5EB79B98C53E}.Release|ARM.Deploy.0 = Release|ARM
		{F9EF3F07-BA98-4119-BD2A-5EB79B98C53E}.Release|ARM64.ActiveCfg = Release|ARM64
		{F9EF3F07-BA98-4119-BD2A-5EB79B98C53E}.Release|ARM64.Build.0 = Release|ARM64
		{F9EF3F07-BA98-4119-BD2A-5EB79B98C53E}.Release|ARM64.Deploy.0 = Release|ARM64
		{F9EF3F07-BA98-4119-BD2A-5EB79B98C53E}.Release|x64.ActiveCfg = Release|x64
		{F9EF3F07-BA98-4119-BD2A-5EB79B98C53E}.Release|x64.Build.0 = Release|x64
		{F9EF3F07-BA98-4119-BD2A-5EB79B98C53E}.Release|x64.Deploy.0 = Release|x64
		{F9EF3F07-BA98-4119-BD2A-5EB79B98C53E}.Release|x86.ActiveCfg = Release|x86
		{F9EF3F07-BA98-4119-BD2A-5EB79B98C53E}.Release|x86.Build.0 = Release|x86
		{F9EF3F07-BA98-4119-BD2A-5EB79B98C53E}.Release|x86.Deploy.0 = Release|x86
		{8F6F0091-F053-40E2-B9B5-CCF6902387F6}.Debug|ARM.ActiveCfg = Debug|ARM
		{8F6F0091-F053-40E2-B9B5-CCF6902387F6}.Debug|ARM.Build.0 = Debug|ARM
		{8F6F0091-F053-40E2-B9B5-CCF6902387F6}.Debug|ARM.Deploy.0 = Debug|ARM
		{8F6F0091-F053-40E2-B9B5-CCF6902387F6}.Debug|ARM64.ActiveCfg = Debug|ARM64
		{8F6F0091-F053-40E2-B9B5-CCF6902387F6}.Debug|ARM64.Build.0 = Debug|ARM64
		{8F6F0091-F053-40E2-B9B5-CCF6902387F6}.Debug|ARM64.Deploy.0 = Debug|ARM64
		{8F6F0091-F053-40E2-B9B5-CCF6902387F6}.Debug|x64.ActiveCfg = Debug|x64
		{8F6F0091-F053-40E2-B9B5-CCF6902387F6}.Debug|x64.Build.0 = Debug|x64
		{8F6F0091-F053-40E2-B9B5-CCF6902387F6}.Debug|x64.Deploy.0 = Debug|x64
		{8F6F0091-F053-40E2-B9B5-CCF6902387F6}.Debug|x86.ActiveCfg = Debug|x86
		{8F6F0091-F053-40E2-B9B5-CCF6902387F6}.Debug|x86.Build.0 = Debug|x86
		{8F6F0091-F053-40E2-B9B5-CCF6902387F6}.Debug|x86.Deploy.0 = Debug|x86
		{8F6F0091-F053-40E2-B9B5-CCF6902387F6}.Release|ARM.ActiveCfg = Release|ARM
		{8F6F0091-F053-40E2-B9B5-CCF6902387F6}.Release|ARM.Build.0 = Release|ARM
		{8F6F0091-F053-40E2-B9B5-CCF6902387F6}.Release|ARM.Deploy.0 = Release|ARM
		{8F6F0091-F053-40E2-B9B5-CCF6902387F6}.Release|ARM64.ActiveCfg = Release|ARM64
		{8F6F0091-F053-40E2-B9B5-CCF6902387F6}.Release|ARM64.Build.0 = Release|ARM64
		{8F6F0091-F053-40E2-B9B5-CCF6902387F6}.Release|ARM64.Deploy.0 = Release|ARM64
		{8F6F0091-F053-40E2-B9B5-CCF6902387F6}.Release|x64.ActiveCfg = Release|x64
		{8F6F0091-F053-40E2-B9B5-CCF6902387F6}.Release|x64.Build.0 = Release|x64
		{8F6F0091-F053-40E2-B9B5-CCF6902387F6}.Release|x64.Deploy.0 = Release|x64
		{8F6F0091-F053-40E2-B9B5-CCF6902387F6}.Release|x86.ActiveCfg = Release|x86
		{8F6F0091-F053-40E2-B9B5-CCF6902387F6}.Release|x86.Build.0 = Release|x86
		{8F6F0091-F053-40E2-B9B5-CCF6902387F6}.Release|x86.Deploy.0 = Release|x86
		{664E4BEB-4D34-4584-B471-5BB4206D9118}.Debug|ARM.ActiveCfg = Debug|ARM
		{664E4BEB-4D34-4584-B471-5BB4206D9118}.Debug|ARM.Build.0 = Debug|ARM
		{664E4BEB-4D34-4584-B471-5BB4206D9118}.Debug|ARM.Deploy.0 = Debug|ARM
		{664E4BEB-4D34-4584-B471-5BB4206D9118}.Debug|ARM64.ActiveCfg = Debug|ARM64
		{664E4BEB-4D34-4584-B471-5BB4206D9118}.Debug|ARM64.Build.0 = Debug|ARM64
		{664E4BEB-4D34-4584-B471-5BB4206D9118}.Debug|ARM64.Deploy.0 = Debug|ARM64
		{664E4BEB-4D34-4584-B471-5BB4206D9118}.Debug|x64.ActiveCfg = Debug|x64
		{664E4BEB-4D34-4584-B471-5BB4206D9118}.Debug|x64.Build.0 = Debug|x64
		{664E4BEB-4D34-4584-B471-5BB4206D9118}.Debug|x64.Deploy.0 = Debug|x64
		{664E4BEB-4D34-4584-B471-5BB4206D9118}.Debug|x86.ActiveCfg = Debug|x86
		{664E4BEB-4D34-4584-B471-5BB4206D9118}.Debug|x86.Build.0 = Debug|x86
		{664E4BEB-4D34-4584-B471-5BB4206D9118}.Debug|x86.Deploy.0 = Debug|x86
		{664E4BEB-4D34-4584-B471-5BB4206D9118}.Release|ARM.ActiveCfg = Release|ARM
		{664E4BEB-4D34-4584-B471-5BB4206D9118}.Release|ARM.Build.0 = Release|ARM
		{664E4BEB-4D34-4584-B471-5BB4206D9118}.Release|ARM.Deploy.0 = Release|ARM
		{664E4BEB-4D34-4584-B471-5BB4206D9118}.Release|ARM64.ActiveCfg = Release|ARM64
		{664E4BEB-4D34-4584-B471-5BB4206D9118}.Release|ARM64.Build.0 = Release|ARM64
		{664E4BEB-4D34-4584-B471-5BB4206D9118}.Release|ARM64.Deploy.0 = Release|ARM64
		{664E4BEB-4D34-4584-B471-5BB4206D9118}.Release|x64.ActiveCfg = Release|x64
		{664E4BEB-4D34-4584-B471-5BB4206D9118}.Release|x64.Build.0 = Release|x64
		{664E4BEB-4D34-4584-B471-5BB4206D9118}.Release|x64.Deploy.0 = Release|x64
		{664E4BEB-4D34-4584-B471-5BB4206D9118}.Release|x86.ActiveCfg = Release|x86
		{664E4BEB-4D34-4584-B471-5BB4206D9118}.Release|x86.Build.0 = Release|x86
		{664E4BEB-4D34-4584-B471-5BB4206D9118}.Release|x86.Deploy.0 = Release|x86
		{58A14DFF-6F18-4D83-B450-FC6A8CA9F8E9}.Debug|ARM.ActiveCfg = Debug|ARM
		{58A14DFF-6F18-4D83-B450-FC6A8CA9F8E9}.Debug|ARM.Build.0 = Debug|ARM
		{58A14DFF-6F18-4D83-B450-FC6A8CA9F8E9}.Debug|ARM.Deploy.0 = Debug|ARM
		{58A14DFF-6F18-4D83-B450-FC6A8CA9F8E9}.Debug|ARM64.ActiveCfg = Debug|ARM64
		{58A14DFF-6F18-4D83-B450-FC6A8CA9F8E9}.Debug|ARM64.Build.0 = Debug|ARM64
		{58A14DFF-6F18-4D83-B450-FC6A8CA9F8E9}.Debug|ARM64.Deploy.0 = Debug|ARM64
		{58A14DFF-6F18-4D83-B450-FC6A8CA9F8E9}.Debug|x64.ActiveCfg = Debug|x64
		{58A14DFF-6F18-4D83-B450-FC6A8CA9F8E9}.Debug|x64.Build.0 = Debug|x64
		{58A14DFF-6F18-4D83-B450-FC6A8CA9F8E9}.Debug|x64.Deploy.0 = Debug|x64
		{58A14DFF-6F18-4D83-B450-FC6A8CA9F8E9}.Debug|x86.ActiveCfg = Debug|x86
		{58A14DFF-6F18-4D83-B450-FC6A8CA9F8E9}.Debug|x86.Build.0 = Debug|x86
		{58A14DFF-6F18-4D83-B450-FC6A8CA9F8E9}.Debug|x86.Deploy.0 = Debug|x86
		{58A14DFF-6F18-4D83-B450-FC6A8CA9F8E9}.Release|ARM.ActiveCfg = Release|ARM
		{58A14DFF-6F18-4D83-B450-FC6A8CA9F8E9}.Release|ARM.Build.0 = Release|ARM
		{58A14DFF-6F18-4D83-B450-FC6A8CA9F8E9}.Release|ARM.Deploy.0 = Release|ARM
		{58A14DFF-6F18-4D83-B450-FC6A8CA9F8E9}.Release|ARM64.ActiveCfg = Release|ARM64
		{58A14DFF-6F18-4D83-B450-FC6A8CA9F8E9}.Release|ARM64.Build.0 = Release|ARM64
		{58A14DFF-6F18-4D83-B450-FC6A8CA9F8E9}.Release|ARM64.Deploy.0 = Release|ARM64
		{58A14DFF-6F18-4D83-B450-FC6A8CA9F8E9}.Release|x64.ActiveCfg = Release|x64
		{58A14DFF-6F18-4D83-B450-FC6A8CA9F8E9}.Release|x64.Build.0 = Release|x64
		{58A14DFF-6F18-4D83-B450-FC6A8CA9F8E9}.Release|x64.Deploy.0 = Release|x64
		{58A14DFF-6F18-4D83-B450-FC6A8CA9F8E9}.Release|x86.ActiveCfg = Release|x86
		{58A14DFF-6F18-4D83-B450-FC6A8CA9F8E9}.Release|x86.Build.0 = Release|x86
		{58A14DFF-6F18-4D83-B450-FC6A8CA9F8E9}.Release|x86.Deploy.0 = Release|x86
	EndGlobalSection
	GlobalSection(SolutionProperties) = preSolution
		HideSolutionNode = FALSE
	EndGlobalSection
	GlobalSection(ExtensibilityGlobals) = postSolution
		SolutionGuid = {74E89FA7-2CE5-41E7-B6AC-BD8B0B57EB97}
	EndGlobalSection
EndGlobal
