
Microsoft Visual Studio Solution File, Format Version 12.00
# Visual Studio Version 16
VisualStudioVersion = 16.0.29806.167
MinimumVisualStudioVersion = 10.0.40219.1
Project("{FAE04EC0-301F-11D3-BF4B-00C04F79EFBC}") = "App1", "App1\App1.csproj", "{16A5B714-9A1F-4CDC-A986-3B5CFBF10DE6}"
EndProject
Project("{FAE04EC0-301F-11D3-BF4B-00C04F79EFBC}") = "App2", "App2\App2.csproj", "{F9EF3F07-BA98-4119-BD2A-5EB79B98C53E}"
EndProject
Project("{FAE04EC0-301F-11D3-BF4B-00C04F79EFBC}") = "App3", "App3\App3.csproj", "{8F6F0091-F053-40E2-B9B5-CCF6902387F6}"
EndProject
Project("{FAE04EC0-301F-11D3-BF4B-00C04F79EFBC}") = "App4", "App4\App4.csproj", "{664E4BEB-4D34-4584-B471-5BB4206D9118}"
EndProject
Project("{FAE04EC0-301F-11D3-BF4B-00C04F79EFBC}") = "App5", "App5\App5.csproj", "{58A14DFF-6F18-4D83-B450-FC6A8CA9F8E9}"
EndProject
Project("{FAE04EC0-301F-11D3-BF4B-00C04F79EFBC}") = "App6", "App6\App6.csproj", "{DD535D5F-1FBA-417B-924A-A312BA325FC6}"
EndProject
Project("{FAE04EC0-301F-11D3-BF4B-00C04F79EFBC}") = "App7", "App7\App7.csproj", "{5D1ECA89-BA74-4EEE-9AF6-945B5AD9CE7A}"
EndProject
Project("{FAE04EC0-301F-11D3-BF4B-00C04F79EFBC}") = "DataAsy_Sec4", "DataAsy_Sec4\DataAsy_Sec4.csproj", "{BBE7A5DD-9B94-4A97-A395-2110B2B24836}"
EndProject
Project("{FAE04EC0-301F-11D3-BF4B-00C04F79EFBC}") = "AppNavigation_Sec5", "AppNavigation_Sec5\AppNavigation_Sec5.csproj", "{565B7DBA-27EA-4FBC-ADBD-99C5D545BE13}"
EndProject
Project("{FAE04EC0-301F-11D3-BF4B-00C04F79EFBC}") = "AppNavigation_Dialogs_sec5", "AppNavigation_Dialogs_sec5\AppNavigation_Dialogs_sec5.csproj", "{174C7CF8-6EA9-4986-9CAF-A8885ECE5755}"
EndProject
Project("{FAE04EC0-301F-11D3-BF4B-00C04F79EFBC}") = "Navigation_MultWin_Sec5", "Navigation_MultWin_Sec5\Navigation_MultWin_Sec5.csproj", "{F6E8FC65-6169-4202-9029-ED16A03C1EE6}"
EndProject
Project("{FAE04EC0-301F-11D3-BF4B-00C04F79EFBC}") = "Sec6_27", "Sec6_Leason27\Sec6_27.csproj", "{52799A3A-B327-4531-AB90-B2F8D20BB895}"
EndProject
Project("{FAE04EC0-301F-11D3-BF4B-00C04F79EFBC}") = "Sec6_28", "Sec6_Leason28\Sec6_28.csproj", "{C6D4C2FE-BE46-4974-9BC8-760543C77362}"
EndProject
Project("{FAE04EC0-301F-11D3-BF4B-00C04F79EFBC}") = "Sec6_29_MVVM", "Sec6_28_MVVM\Sec6_29_MVVM.csproj", "{9B53FE80-09FD-4794-AE09-5035B4CA51EC}"
EndProject
Project("{2150E333-8FDC-42A3-9474-1A3956D46DE8}") = "Sec6_29", "Sec6_29", "{246ED91A-6D35-4A5D-9281-45807C488688}"
EndProject
Project("{2150E333-8FDC-42A3-9474-1A3956D46DE8}") = "Sec1", "Sec1", "{397E2966-EE45-44D8-968D-176805A8DBCD}"
EndProject
Project("{2150E333-8FDC-42A3-9474-1A3956D46DE8}") = "Sec5", "Sec5", "{64C84335-E3F9-423B-A59C-8653BBE0FE82}"
EndProject
Project("{2150E333-8FDC-42A3-9474-1A3956D46DE8}") = "Sec4", "Sec4", "{14880BEA-F415-4107-BB49-20BDB5C6CD08}"
EndProject
Project("{2150E333-8FDC-42A3-9474-1A3956D46DE8}") = "Sec6", "Sec6", "{EC1ACC30-EA25-4480-A7CF-53E78250A12A}"
EndProject
Project("{FAE04EC0-301F-11D3-BF4B-00C04F79EFBC}") = "Models", "Models\Models.csproj", "{7E19EA03-798A-4252-9CFC-CAB9ED61D097}"
EndProject
Project("{FAE04EC0-301F-11D3-BF4B-00C04F79EFBC}") = "ViewModels", "ViewModels\ViewModels.csproj", "{7A6CF479-0D70-4CBC-9602-0D891D84B0EA}"
EndProject
Project("{2150E333-8FDC-42A3-9474-1A3956D46DE8}") = "Sec7", "Sec7", "{97E47A7F-5F9F-4B1E-90F2-BFFB3F63A01D}"
EndProject
Project("{FAE04EC0-301F-11D3-BF4B-00C04F79EFBC}") = "Sec7_32", "Sec7_30\Sec7_32.csproj", "{FFC47DEE-83A6-4AB0-92E1-C9700A5799E9}"
EndProject
Project("{FAE04EC0-301F-11D3-BF4B-00C04F79EFBC}") = "Sec7_33", "Sec7_33\Sec7_33.csproj", "{587732D4-B887-4639-8192-7F720E0F0AFD}"
EndProject
Project("{FAE04EC0-301F-11D3-BF4B-00C04F79EFBC}") = "Sec7_34", "Sec7_34\Sec7_34.csproj", "{E7C84EE5-F5CB-4F5A-87E4-F25D1B94B294}"
EndProject
Project("{FAE04EC0-301F-11D3-BF4B-00C04F79EFBC}") = "Sec7_35", "Sec7_35\Sec7_35.csproj", "{13D12BF8-C3C3-4603-BECC-078BB852AAEF}"
EndProject
Global
	GlobalSection(SolutionConfigurationPlatforms) = preSolution
		Debug|Any CPU = Debug|Any CPU
		Debug|ARM = Debug|ARM
		Debug|ARM64 = Debug|ARM64
		Debug|x64 = Debug|x64
		Debug|x86 = Debug|x86
		Release|Any CPU = Release|Any CPU
		Release|ARM = Release|ARM
		Release|ARM64 = Release|ARM64
		Release|x64 = Release|x64
		Release|x86 = Release|x86
	EndGlobalSection
	GlobalSection(ProjectConfigurationPlatforms) = postSolution
		{16A5B714-9A1F-4CDC-A986-3B5CFBF10DE6}.Debug|Any CPU.ActiveCfg = Debug|x86
		{16A5B714-9A1F-4CDC-A986-3B5CFBF10DE6}.Debug|ARM.ActiveCfg = Debug|ARM
		{16A5B714-9A1F-4CDC-A986-3B5CFBF10DE6}.Debug|ARM.Build.0 = Debug|ARM
		{16A5B714-9A1F-4CDC-A986-3B5CFBF10DE6}.Debug|ARM.Deploy.0 = Debug|ARM
		{16A5B714-9A1F-4CDC-A986-3B5CFBF10DE6}.Debug|ARM64.ActiveCfg = Debug|ARM64
		{16A5B714-9A1F-4CDC-A986-3B5CFBF10DE6}.Debug|ARM64.Build.0 = Debug|ARM64
		{16A5B714-9A1F-4CDC-A986-3B5CFBF10DE6}.Debug|ARM64.Deploy.0 = Debug|ARM64
		{16A5B714-9A1F-4CDC-A986-3B5CFBF10DE6}.Debug|x64.ActiveCfg = Debug|x64
		{16A5B714-9A1F-4CDC-A986-3B5CFBF10DE6}.Debug|x64.Build.0 = Debug|x64
		{16A5B714-9A1F-4CDC-A986-3B5CFBF10DE6}.Debug|x64.Deploy.0 = Debug|x64
		{16A5B714-9A1F-4CDC-A986-3B5CFBF10DE6}.Debug|x86.ActiveCfg = Debug|x86
		{16A5B714-9A1F-4CDC-A986-3B5CFBF10DE6}.Debug|x86.Build.0 = Debug|x86
		{16A5B714-9A1F-4CDC-A986-3B5CFBF10DE6}.Debug|x86.Deploy.0 = Debug|x86
		{16A5B714-9A1F-4CDC-A986-3B5CFBF10DE6}.Release|Any CPU.ActiveCfg = Release|x86
		{16A5B714-9A1F-4CDC-A986-3B5CFBF10DE6}.Release|ARM.ActiveCfg = Release|ARM
		{16A5B714-9A1F-4CDC-A986-3B5CFBF10DE6}.Release|ARM.Build.0 = Release|ARM
		{16A5B714-9A1F-4CDC-A986-3B5CFBF10DE6}.Release|ARM.Deploy.0 = Release|ARM
		{16A5B714-9A1F-4CDC-A986-3B5CFBF10DE6}.Release|ARM64.ActiveCfg = Release|ARM64
		{16A5B714-9A1F-4CDC-A986-3B5CFBF10DE6}.Release|ARM64.Build.0 = Release|ARM64
		{16A5B714-9A1F-4CDC-A986-3B5CFBF10DE6}.Release|ARM64.Deploy.0 = Release|ARM64
		{16A5B714-9A1F-4CDC-A986-3B5CFBF10DE6}.Release|x64.ActiveCfg = Release|x64
		{16A5B714-9A1F-4CDC-A986-3B5CFBF10DE6}.Release|x64.Build.0 = Release|x64
		{16A5B714-9A1F-4CDC-A986-3B5CFBF10DE6}.Release|x64.Deploy.0 = Release|x64
		{16A5B714-9A1F-4CDC-A986-3B5CFBF10DE6}.Release|x86.ActiveCfg = Release|x86
		{16A5B714-9A1F-4CDC-A986-3B5CFBF10DE6}.Release|x86.Build.0 = Release|x86
		{16A5B714-9A1F-4CDC-A986-3B5CFBF10DE6}.Release|x86.Deploy.0 = Release|x86
		{F9EF3F07-BA98-4119-BD2A-5EB79B98C53E}.Debug|Any CPU.ActiveCfg = Debug|x86
		{F9EF3F07-BA98-4119-BD2A-5EB79B98C53E}.Debug|ARM.ActiveCfg = Debug|ARM
		{F9EF3F07-BA98-4119-BD2A-5EB79B98C53E}.Debug|ARM.Build.0 = Debug|ARM
		{F9EF3F07-BA98-4119-BD2A-5EB79B98C53E}.Debug|ARM.Deploy.0 = Debug|ARM
		{F9EF3F07-BA98-4119-BD2A-5EB79B98C53E}.Debug|ARM64.ActiveCfg = Debug|ARM64
		{F9EF3F07-BA98-4119-BD2A-5EB79B98C53E}.Debug|ARM64.Build.0 = Debug|ARM64
		{F9EF3F07-BA98-4119-BD2A-5EB79B98C53E}.Debug|ARM64.Deploy.0 = Debug|ARM64
		{F9EF3F07-BA98-4119-BD2A-5EB79B98C53E}.Debug|x64.ActiveCfg = Debug|x64
		{F9EF3F07-BA98-4119-BD2A-5EB79B98C53E}.Debug|x64.Build.0 = Debug|x64
		{F9EF3F07-BA98-4119-BD2A-5EB79B98C53E}.Debug|x64.Deploy.0 = Debug|x64
		{F9EF3F07-BA98-4119-BD2A-5EB79B98C53E}.Debug|x86.ActiveCfg = Debug|x86
		{F9EF3F07-BA98-4119-BD2A-5EB79B98C53E}.Debug|x86.Build.0 = Debug|x86
		{F9EF3F07-BA98-4119-BD2A-5EB79B98C53E}.Debug|x86.Deploy.0 = Debug|x86
		{F9EF3F07-BA98-4119-BD2A-5EB79B98C53E}.Release|Any CPU.ActiveCfg = Release|x86
		{F9EF3F07-BA98-4119-BD2A-5EB79B98C53E}.Release|ARM.ActiveCfg = Release|ARM
		{F9EF3F07-BA98-4119-BD2A-5EB79B98C53E}.Release|ARM.Build.0 = Release|ARM
		{F9EF3F07-BA98-4119-BD2A-5EB79B98C53E}.Release|ARM.Deploy.0 = Release|ARM
		{F9EF3F07-BA98-4119-BD2A-5EB79B98C53E}.Release|ARM64.ActiveCfg = Release|ARM64
		{F9EF3F07-BA98-4119-BD2A-5EB79B98C53E}.Release|ARM64.Build.0 = Release|ARM64
		{F9EF3F07-BA98-4119-BD2A-5EB79B98C53E}.Release|ARM64.Deploy.0 = Release|ARM64
		{F9EF3F07-BA98-4119-BD2A-5EB79B98C53E}.Release|x64.ActiveCfg = Release|x64
		{F9EF3F07-BA98-4119-BD2A-5EB79B98C53E}.Release|x64.Build.0 = Release|x64
		{F9EF3F07-BA98-4119-BD2A-5EB79B98C53E}.Release|x64.Deploy.0 = Release|x64
		{F9EF3F07-BA98-4119-BD2A-5EB79B98C53E}.Release|x86.ActiveCfg = Release|x86
		{F9EF3F07-BA98-4119-BD2A-5EB79B98C53E}.Release|x86.Build.0 = Release|x86
		{F9EF3F07-BA98-4119-BD2A-5EB79B98C53E}.Release|x86.Deploy.0 = Release|x86
		{8F6F0091-F053-40E2-B9B5-CCF6902387F6}.Debug|Any CPU.ActiveCfg = Debug|x86
		{8F6F0091-F053-40E2-B9B5-CCF6902387F6}.Debug|ARM.ActiveCfg = Debug|ARM
		{8F6F0091-F053-40E2-B9B5-CCF6902387F6}.Debug|ARM.Build.0 = Debug|ARM
		{8F6F0091-F053-40E2-B9B5-CCF6902387F6}.Debug|ARM.Deploy.0 = Debug|ARM
		{8F6F0091-F053-40E2-B9B5-CCF6902387F6}.Debug|ARM64.ActiveCfg = Debug|ARM64
		{8F6F0091-F053-40E2-B9B5-CCF6902387F6}.Debug|ARM64.Build.0 = Debug|ARM64
		{8F6F0091-F053-40E2-B9B5-CCF6902387F6}.Debug|ARM64.Deploy.0 = Debug|ARM64
		{8F6F0091-F053-40E2-B9B5-CCF6902387F6}.Debug|x64.ActiveCfg = Debug|x64
		{8F6F0091-F053-40E2-B9B5-CCF6902387F6}.Debug|x64.Build.0 = Debug|x64
		{8F6F0091-F053-40E2-B9B5-CCF6902387F6}.Debug|x64.Deploy.0 = Debug|x64
		{8F6F0091-F053-40E2-B9B5-CCF6902387F6}.Debug|x86.ActiveCfg = Debug|x86
		{8F6F0091-F053-40E2-B9B5-CCF6902387F6}.Debug|x86.Build.0 = Debug|x86
		{8F6F0091-F053-40E2-B9B5-CCF6902387F6}.Debug|x86.Deploy.0 = Debug|x86
		{8F6F0091-F053-40E2-B9B5-CCF6902387F6}.Release|Any CPU.ActiveCfg = Release|x86
		{8F6F0091-F053-40E2-B9B5-CCF6902387F6}.Release|ARM.ActiveCfg = Release|ARM
		{8F6F0091-F053-40E2-B9B5-CCF6902387F6}.Release|ARM.Build.0 = Release|ARM
		{8F6F0091-F053-40E2-B9B5-CCF6902387F6}.Release|ARM.Deploy.0 = Release|ARM
		{8F6F0091-F053-40E2-B9B5-CCF6902387F6}.Release|ARM64.ActiveCfg = Release|ARM64
		{8F6F0091-F053-40E2-B9B5-CCF6902387F6}.Release|ARM64.Build.0 = Release|ARM64
		{8F6F0091-F053-40E2-B9B5-CCF6902387F6}.Release|ARM64.Deploy.0 = Release|ARM64
		{8F6F0091-F053-40E2-B9B5-CCF6902387F6}.Release|x64.ActiveCfg = Release|x64
		{8F6F0091-F053-40E2-B9B5-CCF6902387F6}.Release|x64.Build.0 = Release|x64
		{8F6F0091-F053-40E2-B9B5-CCF6902387F6}.Release|x64.Deploy.0 = Release|x64
		{8F6F0091-F053-40E2-B9B5-CCF6902387F6}.Release|x86.ActiveCfg = Release|x86
		{8F6F0091-F053-40E2-B9B5-CCF6902387F6}.Release|x86.Build.0 = Release|x86
		{8F6F0091-F053-40E2-B9B5-CCF6902387F6}.Release|x86.Deploy.0 = Release|x86
		{664E4BEB-4D34-4584-B471-5BB4206D9118}.Debug|Any CPU.ActiveCfg = Debug|x86
		{664E4BEB-4D34-4584-B471-5BB4206D9118}.Debug|ARM.ActiveCfg = Debug|ARM
		{664E4BEB-4D34-4584-B471-5BB4206D9118}.Debug|ARM.Build.0 = Debug|ARM
		{664E4BEB-4D34-4584-B471-5BB4206D9118}.Debug|ARM.Deploy.0 = Debug|ARM
		{664E4BEB-4D34-4584-B471-5BB4206D9118}.Debug|ARM64.ActiveCfg = Debug|ARM64
		{664E4BEB-4D34-4584-B471-5BB4206D9118}.Debug|ARM64.Build.0 = Debug|ARM64
		{664E4BEB-4D34-4584-B471-5BB4206D9118}.Debug|ARM64.Deploy.0 = Debug|ARM64
		{664E4BEB-4D34-4584-B471-5BB4206D9118}.Debug|x64.ActiveCfg = Debug|x64
		{664E4BEB-4D34-4584-B471-5BB4206D9118}.Debug|x64.Build.0 = Debug|x64
		{664E4BEB-4D34-4584-B471-5BB4206D9118}.Debug|x64.Deploy.0 = Debug|x64
		{664E4BEB-4D34-4584-B471-5BB4206D9118}.Debug|x86.ActiveCfg = Debug|x86
		{664E4BEB-4D34-4584-B471-5BB4206D9118}.Debug|x86.Build.0 = Debug|x86
		{664E4BEB-4D34-4584-B471-5BB4206D9118}.Debug|x86.Deploy.0 = Debug|x86
		{664E4BEB-4D34-4584-B471-5BB4206D9118}.Release|Any CPU.ActiveCfg = Release|x86
		{664E4BEB-4D34-4584-B471-5BB4206D9118}.Release|ARM.ActiveCfg = Release|ARM
		{664E4BEB-4D34-4584-B471-5BB4206D9118}.Release|ARM.Build.0 = Release|ARM
		{664E4BEB-4D34-4584-B471-5BB4206D9118}.Release|ARM.Deploy.0 = Release|ARM
		{664E4BEB-4D34-4584-B471-5BB4206D9118}.Release|ARM64.ActiveCfg = Release|ARM64
		{664E4BEB-4D34-4584-B471-5BB4206D9118}.Release|ARM64.Build.0 = Release|ARM64
		{664E4BEB-4D34-4584-B471-5BB4206D9118}.Release|ARM64.Deploy.0 = Release|ARM64
		{664E4BEB-4D34-4584-B471-5BB4206D9118}.Release|x64.ActiveCfg = Release|x64
		{664E4BEB-4D34-4584-B471-5BB4206D9118}.Release|x64.Build.0 = Release|x64
		{664E4BEB-4D34-4584-B471-5BB4206D9118}.Release|x64.Deploy.0 = Release|x64
		{664E4BEB-4D34-4584-B471-5BB4206D9118}.Release|x86.ActiveCfg = Release|x86
		{664E4BEB-4D34-4584-B471-5BB4206D9118}.Release|x86.Build.0 = Release|x86
		{664E4BEB-4D34-4584-B471-5BB4206D9118}.Release|x86.Deploy.0 = Release|x86
		{58A14DFF-6F18-4D83-B450-FC6A8CA9F8E9}.Debug|Any CPU.ActiveCfg = Debug|x86
		{58A14DFF-6F18-4D83-B450-FC6A8CA9F8E9}.Debug|ARM.ActiveCfg = Debug|ARM
		{58A14DFF-6F18-4D83-B450-FC6A8CA9F8E9}.Debug|ARM.Build.0 = Debug|ARM
		{58A14DFF-6F18-4D83-B450-FC6A8CA9F8E9}.Debug|ARM.Deploy.0 = Debug|ARM
		{58A14DFF-6F18-4D83-B450-FC6A8CA9F8E9}.Debug|ARM64.ActiveCfg = Debug|ARM64
		{58A14DFF-6F18-4D83-B450-FC6A8CA9F8E9}.Debug|ARM64.Build.0 = Debug|ARM64
		{58A14DFF-6F18-4D83-B450-FC6A8CA9F8E9}.Debug|ARM64.Deploy.0 = Debug|ARM64
		{58A14DFF-6F18-4D83-B450-FC6A8CA9F8E9}.Debug|x64.ActiveCfg = Debug|x64
		{58A14DFF-6F18-4D83-B450-FC6A8CA9F8E9}.Debug|x64.Build.0 = Debug|x64
		{58A14DFF-6F18-4D83-B450-FC6A8CA9F8E9}.Debug|x64.Deploy.0 = Debug|x64
		{58A14DFF-6F18-4D83-B450-FC6A8CA9F8E9}.Debug|x86.ActiveCfg = Debug|x86
		{58A14DFF-6F18-4D83-B450-FC6A8CA9F8E9}.Debug|x86.Build.0 = Debug|x86
		{58A14DFF-6F18-4D83-B450-FC6A8CA9F8E9}.Debug|x86.Deploy.0 = Debug|x86
		{58A14DFF-6F18-4D83-B450-FC6A8CA9F8E9}.Release|Any CPU.ActiveCfg = Release|x86
		{58A14DFF-6F18-4D83-B450-FC6A8CA9F8E9}.Release|ARM.ActiveCfg = Release|ARM
		{58A14DFF-6F18-4D83-B450-FC6A8CA9F8E9}.Release|ARM.Build.0 = Release|ARM
		{58A14DFF-6F18-4D83-B450-FC6A8CA9F8E9}.Release|ARM.Deploy.0 = Release|ARM
		{58A14DFF-6F18-4D83-B450-FC6A8CA9F8E9}.Release|ARM64.ActiveCfg = Release|ARM64
		{58A14DFF-6F18-4D83-B450-FC6A8CA9F8E9}.Release|ARM64.Build.0 = Release|ARM64
		{58A14DFF-6F18-4D83-B450-FC6A8CA9F8E9}.Release|ARM64.Deploy.0 = Release|ARM64
		{58A14DFF-6F18-4D83-B450-FC6A8CA9F8E9}.Release|x64.ActiveCfg = Release|x64
		{58A14DFF-6F18-4D83-B450-FC6A8CA9F8E9}.Release|x64.Build.0 = Release|x64
		{58A14DFF-6F18-4D83-B450-FC6A8CA9F8E9}.Release|x64.Deploy.0 = Release|x64
		{58A14DFF-6F18-4D83-B450-FC6A8CA9F8E9}.Release|x86.ActiveCfg = Release|x86
		{58A14DFF-6F18-4D83-B450-FC6A8CA9F8E9}.Release|x86.Build.0 = Release|x86
		{58A14DFF-6F18-4D83-B450-FC6A8CA9F8E9}.Release|x86.Deploy.0 = Release|x86
		{DD535D5F-1FBA-417B-924A-A312BA325FC6}.Debug|Any CPU.ActiveCfg = Debug|x86
		{DD535D5F-1FBA-417B-924A-A312BA325FC6}.Debug|ARM.ActiveCfg = Debug|ARM
		{DD535D5F-1FBA-417B-924A-A312BA325FC6}.Debug|ARM.Build.0 = Debug|ARM
		{DD535D5F-1FBA-417B-924A-A312BA325FC6}.Debug|ARM.Deploy.0 = Debug|ARM
		{DD535D5F-1FBA-417B-924A-A312BA325FC6}.Debug|ARM64.ActiveCfg = Debug|ARM64
		{DD535D5F-1FBA-417B-924A-A312BA325FC6}.Debug|ARM64.Build.0 = Debug|ARM64
		{DD535D5F-1FBA-417B-924A-A312BA325FC6}.Debug|ARM64.Deploy.0 = Debug|ARM64
		{DD535D5F-1FBA-417B-924A-A312BA325FC6}.Debug|x64.ActiveCfg = Debug|x64
		{DD535D5F-1FBA-417B-924A-A312BA325FC6}.Debug|x64.Build.0 = Debug|x64
		{DD535D5F-1FBA-417B-924A-A312BA325FC6}.Debug|x64.Deploy.0 = Debug|x64
		{DD535D5F-1FBA-417B-924A-A312BA325FC6}.Debug|x86.ActiveCfg = Debug|x86
		{DD535D5F-1FBA-417B-924A-A312BA325FC6}.Debug|x86.Build.0 = Debug|x86
		{DD535D5F-1FBA-417B-924A-A312BA325FC6}.Debug|x86.Deploy.0 = Debug|x86
		{DD535D5F-1FBA-417B-924A-A312BA325FC6}.Release|Any CPU.ActiveCfg = Release|x86
		{DD535D5F-1FBA-417B-924A-A312BA325FC6}.Release|ARM.ActiveCfg = Release|ARM
		{DD535D5F-1FBA-417B-924A-A312BA325FC6}.Release|ARM.Build.0 = Release|ARM
		{DD535D5F-1FBA-417B-924A-A312BA325FC6}.Release|ARM.Deploy.0 = Release|ARM
		{DD535D5F-1FBA-417B-924A-A312BA325FC6}.Release|ARM64.ActiveCfg = Release|ARM64
		{DD535D5F-1FBA-417B-924A-A312BA325FC6}.Release|ARM64.Build.0 = Release|ARM64
		{DD535D5F-1FBA-417B-924A-A312BA325FC6}.Release|ARM64.Deploy.0 = Release|ARM64
		{DD535D5F-1FBA-417B-924A-A312BA325FC6}.Release|x64.ActiveCfg = Release|x64
		{DD535D5F-1FBA-417B-924A-A312BA325FC6}.Release|x64.Build.0 = Release|x64
		{DD535D5F-1FBA-417B-924A-A312BA325FC6}.Release|x64.Deploy.0 = Release|x64
		{DD535D5F-1FBA-417B-924A-A312BA325FC6}.Release|x86.ActiveCfg = Release|x86
		{DD535D5F-1FBA-417B-924A-A312BA325FC6}.Release|x86.Build.0 = Release|x86
		{DD535D5F-1FBA-417B-924A-A312BA325FC6}.Release|x86.Deploy.0 = Release|x86
		{5D1ECA89-BA74-4EEE-9AF6-945B5AD9CE7A}.Debug|Any CPU.ActiveCfg = Debug|x86
		{5D1ECA89-BA74-4EEE-9AF6-945B5AD9CE7A}.Debug|ARM.ActiveCfg = Debug|ARM
		{5D1ECA89-BA74-4EEE-9AF6-945B5AD9CE7A}.Debug|ARM.Build.0 = Debug|ARM
		{5D1ECA89-BA74-4EEE-9AF6-945B5AD9CE7A}.Debug|ARM.Deploy.0 = Debug|ARM
		{5D1ECA89-BA74-4EEE-9AF6-945B5AD9CE7A}.Debug|ARM64.ActiveCfg = Debug|ARM64
		{5D1ECA89-BA74-4EEE-9AF6-945B5AD9CE7A}.Debug|ARM64.Build.0 = Debug|ARM64
		{5D1ECA89-BA74-4EEE-9AF6-945B5AD9CE7A}.Debug|ARM64.Deploy.0 = Debug|ARM64
		{5D1ECA89-BA74-4EEE-9AF6-945B5AD9CE7A}.Debug|x64.ActiveCfg = Debug|x64
		{5D1ECA89-BA74-4EEE-9AF6-945B5AD9CE7A}.Debug|x64.Build.0 = Debug|x64
		{5D1ECA89-BA74-4EEE-9AF6-945B5AD9CE7A}.Debug|x64.Deploy.0 = Debug|x64
		{5D1ECA89-BA74-4EEE-9AF6-945B5AD9CE7A}.Debug|x86.ActiveCfg = Debug|x86
		{5D1ECA89-BA74-4EEE-9AF6-945B5AD9CE7A}.Debug|x86.Build.0 = Debug|x86
		{5D1ECA89-BA74-4EEE-9AF6-945B5AD9CE7A}.Debug|x86.Deploy.0 = Debug|x86
		{5D1ECA89-BA74-4EEE-9AF6-945B5AD9CE7A}.Release|Any CPU.ActiveCfg = Release|x86
		{5D1ECA89-BA74-4EEE-9AF6-945B5AD9CE7A}.Release|ARM.ActiveCfg = Release|ARM
		{5D1ECA89-BA74-4EEE-9AF6-945B5AD9CE7A}.Release|ARM.Build.0 = Release|ARM
		{5D1ECA89-BA74-4EEE-9AF6-945B5AD9CE7A}.Release|ARM.Deploy.0 = Release|ARM
		{5D1ECA89-BA74-4EEE-9AF6-945B5AD9CE7A}.Release|ARM64.ActiveCfg = Release|ARM64
		{5D1ECA89-BA74-4EEE-9AF6-945B5AD9CE7A}.Release|ARM64.Build.0 = Release|ARM64
		{5D1ECA89-BA74-4EEE-9AF6-945B5AD9CE7A}.Release|ARM64.Deploy.0 = Release|ARM64
		{5D1ECA89-BA74-4EEE-9AF6-945B5AD9CE7A}.Release|x64.ActiveCfg = Release|x64
		{5D1ECA89-BA74-4EEE-9AF6-945B5AD9CE7A}.Release|x64.Build.0 = Release|x64
		{5D1ECA89-BA74-4EEE-9AF6-945B5AD9CE7A}.Release|x64.Deploy.0 = Release|x64
		{5D1ECA89-BA74-4EEE-9AF6-945B5AD9CE7A}.Release|x86.ActiveCfg = Release|x86
		{5D1ECA89-BA74-4EEE-9AF6-945B5AD9CE7A}.Release|x86.Build.0 = Release|x86
		{5D1ECA89-BA74-4EEE-9AF6-945B5AD9CE7A}.Release|x86.Deploy.0 = Release|x86
		{BBE7A5DD-9B94-4A97-A395-2110B2B24836}.Debug|Any CPU.ActiveCfg = Debug|x86
		{BBE7A5DD-9B94-4A97-A395-2110B2B24836}.Debug|ARM.ActiveCfg = Debug|ARM
		{BBE7A5DD-9B94-4A97-A395-2110B2B24836}.Debug|ARM.Build.0 = Debug|ARM
		{BBE7A5DD-9B94-4A97-A395-2110B2B24836}.Debug|ARM.Deploy.0 = Debug|ARM
		{BBE7A5DD-9B94-4A97-A395-2110B2B24836}.Debug|ARM64.ActiveCfg = Debug|ARM64
		{BBE7A5DD-9B94-4A97-A395-2110B2B24836}.Debug|ARM64.Build.0 = Debug|ARM64
		{BBE7A5DD-9B94-4A97-A395-2110B2B24836}.Debug|ARM64.Deploy.0 = Debug|ARM64
		{BBE7A5DD-9B94-4A97-A395-2110B2B24836}.Debug|x64.ActiveCfg = Debug|x64
		{BBE7A5DD-9B94-4A97-A395-2110B2B24836}.Debug|x64.Build.0 = Debug|x64
		{BBE7A5DD-9B94-4A97-A395-2110B2B24836}.Debug|x64.Deploy.0 = Debug|x64
		{BBE7A5DD-9B94-4A97-A395-2110B2B24836}.Debug|x86.ActiveCfg = Debug|x86
		{BBE7A5DD-9B94-4A97-A395-2110B2B24836}.Debug|x86.Build.0 = Debug|x86
		{BBE7A5DD-9B94-4A97-A395-2110B2B24836}.Debug|x86.Deploy.0 = Debug|x86
		{BBE7A5DD-9B94-4A97-A395-2110B2B24836}.Release|Any CPU.ActiveCfg = Release|x86
		{BBE7A5DD-9B94-4A97-A395-2110B2B24836}.Release|ARM.ActiveCfg = Release|ARM
		{BBE7A5DD-9B94-4A97-A395-2110B2B24836}.Release|ARM.Build.0 = Release|ARM
		{BBE7A5DD-9B94-4A97-A395-2110B2B24836}.Release|ARM.Deploy.0 = Release|ARM
		{BBE7A5DD-9B94-4A97-A395-2110B2B24836}.Release|ARM64.ActiveCfg = Release|ARM64
		{BBE7A5DD-9B94-4A97-A395-2110B2B24836}.Release|ARM64.Build.0 = Release|ARM64
		{BBE7A5DD-9B94-4A97-A395-2110B2B24836}.Release|ARM64.Deploy.0 = Release|ARM64
		{BBE7A5DD-9B94-4A97-A395-2110B2B24836}.Release|x64.ActiveCfg = Release|x64
		{BBE7A5DD-9B94-4A97-A395-2110B2B24836}.Release|x64.Build.0 = Release|x64
		{BBE7A5DD-9B94-4A97-A395-2110B2B24836}.Release|x64.Deploy.0 = Release|x64
		{BBE7A5DD-9B94-4A97-A395-2110B2B24836}.Release|x86.ActiveCfg = Release|x86
		{BBE7A5DD-9B94-4A97-A395-2110B2B24836}.Release|x86.Build.0 = Release|x86
		{BBE7A5DD-9B94-4A97-A395-2110B2B24836}.Release|x86.Deploy.0 = Release|x86
		{565B7DBA-27EA-4FBC-ADBD-99C5D545BE13}.Debug|Any CPU.ActiveCfg = Debug|x86
		{565B7DBA-27EA-4FBC-ADBD-99C5D545BE13}.Debug|ARM.ActiveCfg = Debug|ARM
		{565B7DBA-27EA-4FBC-ADBD-99C5D545BE13}.Debug|ARM.Build.0 = Debug|ARM
		{565B7DBA-27EA-4FBC-ADBD-99C5D545BE13}.Debug|ARM.Deploy.0 = Debug|ARM
		{565B7DBA-27EA-4FBC-ADBD-99C5D545BE13}.Debug|ARM64.ActiveCfg = Debug|ARM64
		{565B7DBA-27EA-4FBC-ADBD-99C5D545BE13}.Debug|ARM64.Build.0 = Debug|ARM64
		{565B7DBA-27EA-4FBC-ADBD-99C5D545BE13}.Debug|ARM64.Deploy.0 = Debug|ARM64
		{565B7DBA-27EA-4FBC-ADBD-99C5D545BE13}.Debug|x64.ActiveCfg = Debug|x64
		{565B7DBA-27EA-4FBC-ADBD-99C5D545BE13}.Debug|x64.Build.0 = Debug|x64
		{565B7DBA-27EA-4FBC-ADBD-99C5D545BE13}.Debug|x64.Deploy.0 = Debug|x64
		{565B7DBA-27EA-4FBC-ADBD-99C5D545BE13}.Debug|x86.ActiveCfg = Debug|x86
		{565B7DBA-27EA-4FBC-ADBD-99C5D545BE13}.Debug|x86.Build.0 = Debug|x86
		{565B7DBA-27EA-4FBC-ADBD-99C5D545BE13}.Debug|x86.Deploy.0 = Debug|x86
		{565B7DBA-27EA-4FBC-ADBD-99C5D545BE13}.Release|Any CPU.ActiveCfg = Release|x86
		{565B7DBA-27EA-4FBC-ADBD-99C5D545BE13}.Release|ARM.ActiveCfg = Release|ARM
		{565B7DBA-27EA-4FBC-ADBD-99C5D545BE13}.Release|ARM.Build.0 = Release|ARM
		{565B7DBA-27EA-4FBC-ADBD-99C5D545BE13}.Release|ARM.Deploy.0 = Release|ARM
		{565B7DBA-27EA-4FBC-ADBD-99C5D545BE13}.Release|ARM64.ActiveCfg = Release|ARM64
		{565B7DBA-27EA-4FBC-ADBD-99C5D545BE13}.Release|ARM64.Build.0 = Release|ARM64
		{565B7DBA-27EA-4FBC-ADBD-99C5D545BE13}.Release|ARM64.Deploy.0 = Release|ARM64
		{565B7DBA-27EA-4FBC-ADBD-99C5D545BE13}.Release|x64.ActiveCfg = Release|x64
		{565B7DBA-27EA-4FBC-ADBD-99C5D545BE13}.Release|x64.Build.0 = Release|x64
		{565B7DBA-27EA-4FBC-ADBD-99C5D545BE13}.Release|x64.Deploy.0 = Release|x64
		{565B7DBA-27EA-4FBC-ADBD-99C5D545BE13}.Release|x86.ActiveCfg = Release|x86
		{565B7DBA-27EA-4FBC-ADBD-99C5D545BE13}.Release|x86.Build.0 = Release|x86
		{565B7DBA-27EA-4FBC-ADBD-99C5D545BE13}.Release|x86.Deploy.0 = Release|x86
		{174C7CF8-6EA9-4986-9CAF-A8885ECE5755}.Debug|Any CPU.ActiveCfg = Debug|x86
		{174C7CF8-6EA9-4986-9CAF-A8885ECE5755}.Debug|ARM.ActiveCfg = Debug|ARM
		{174C7CF8-6EA9-4986-9CAF-A8885ECE5755}.Debug|ARM.Build.0 = Debug|ARM
		{174C7CF8-6EA9-4986-9CAF-A8885ECE5755}.Debug|ARM.Deploy.0 = Debug|ARM
		{174C7CF8-6EA9-4986-9CAF-A8885ECE5755}.Debug|ARM64.ActiveCfg = Debug|ARM64
		{174C7CF8-6EA9-4986-9CAF-A8885ECE5755}.Debug|ARM64.Build.0 = Debug|ARM64
		{174C7CF8-6EA9-4986-9CAF-A8885ECE5755}.Debug|ARM64.Deploy.0 = Debug|ARM64
		{174C7CF8-6EA9-4986-9CAF-A8885ECE5755}.Debug|x64.ActiveCfg = Debug|x64
		{174C7CF8-6EA9-4986-9CAF-A8885ECE5755}.Debug|x64.Build.0 = Debug|x64
		{174C7CF8-6EA9-4986-9CAF-A8885ECE5755}.Debug|x64.Deploy.0 = Debug|x64
		{174C7CF8-6EA9-4986-9CAF-A8885ECE5755}.Debug|x86.ActiveCfg = Debug|x86
		{174C7CF8-6EA9-4986-9CAF-A8885ECE5755}.Debug|x86.Build.0 = Debug|x86
		{174C7CF8-6EA9-4986-9CAF-A8885ECE5755}.Debug|x86.Deploy.0 = Debug|x86
		{174C7CF8-6EA9-4986-9CAF-A8885ECE5755}.Release|Any CPU.ActiveCfg = Release|x86
		{174C7CF8-6EA9-4986-9CAF-A8885ECE5755}.Release|ARM.ActiveCfg = Release|ARM
		{174C7CF8-6EA9-4986-9CAF-A8885ECE5755}.Release|ARM.Build.0 = Release|ARM
		{174C7CF8-6EA9-4986-9CAF-A8885ECE5755}.Release|ARM.Deploy.0 = Release|ARM
		{174C7CF8-6EA9-4986-9CAF-A8885ECE5755}.Release|ARM64.ActiveCfg = Release|ARM64
		{174C7CF8-6EA9-4986-9CAF-A8885ECE5755}.Release|ARM64.Build.0 = Release|ARM64
		{174C7CF8-6EA9-4986-9CAF-A8885ECE5755}.Release|ARM64.Deploy.0 = Release|ARM64
		{174C7CF8-6EA9-4986-9CAF-A8885ECE5755}.Release|x64.ActiveCfg = Release|x64
		{174C7CF8-6EA9-4986-9CAF-A8885ECE5755}.Release|x64.Build.0 = Release|x64
		{174C7CF8-6EA9-4986-9CAF-A8885ECE5755}.Release|x64.Deploy.0 = Release|x64
		{174C7CF8-6EA9-4986-9CAF-A8885ECE5755}.Release|x86.ActiveCfg = Release|x86
		{174C7CF8-6EA9-4986-9CAF-A8885ECE5755}.Release|x86.Build.0 = Release|x86
		{174C7CF8-6EA9-4986-9CAF-A8885ECE5755}.Release|x86.Deploy.0 = Release|x86
		{F6E8FC65-6169-4202-9029-ED16A03C1EE6}.Debug|Any CPU.ActiveCfg = Debug|x86
		{F6E8FC65-6169-4202-9029-ED16A03C1EE6}.Debug|ARM.ActiveCfg = Debug|ARM
		{F6E8FC65-6169-4202-9029-ED16A03C1EE6}.Debug|ARM.Build.0 = Debug|ARM
		{F6E8FC65-6169-4202-9029-ED16A03C1EE6}.Debug|ARM.Deploy.0 = Debug|ARM
		{F6E8FC65-6169-4202-9029-ED16A03C1EE6}.Debug|ARM64.ActiveCfg = Debug|ARM64
		{F6E8FC65-6169-4202-9029-ED16A03C1EE6}.Debug|ARM64.Build.0 = Debug|ARM64
		{F6E8FC65-6169-4202-9029-ED16A03C1EE6}.Debug|ARM64.Deploy.0 = Debug|ARM64
		{F6E8FC65-6169-4202-9029-ED16A03C1EE6}.Debug|x64.ActiveCfg = Debug|x64
		{F6E8FC65-6169-4202-9029-ED16A03C1EE6}.Debug|x64.Build.0 = Debug|x64
		{F6E8FC65-6169-4202-9029-ED16A03C1EE6}.Debug|x64.Deploy.0 = Debug|x64
		{F6E8FC65-6169-4202-9029-ED16A03C1EE6}.Debug|x86.ActiveCfg = Debug|x86
		{F6E8FC65-6169-4202-9029-ED16A03C1EE6}.Debug|x86.Build.0 = Debug|x86
		{F6E8FC65-6169-4202-9029-ED16A03C1EE6}.Debug|x86.Deploy.0 = Debug|x86
		{F6E8FC65-6169-4202-9029-ED16A03C1EE6}.Release|Any CPU.ActiveCfg = Release|x86
		{F6E8FC65-6169-4202-9029-ED16A03C1EE6}.Release|ARM.ActiveCfg = Release|ARM
		{F6E8FC65-6169-4202-9029-ED16A03C1EE6}.Release|ARM.Build.0 = Release|ARM
		{F6E8FC65-6169-4202-9029-ED16A03C1EE6}.Release|ARM.Deploy.0 = Release|ARM
		{F6E8FC65-6169-4202-9029-ED16A03C1EE6}.Release|ARM64.ActiveCfg = Release|ARM64
		{F6E8FC65-6169-4202-9029-ED16A03C1EE6}.Release|ARM64.Build.0 = Release|ARM64
		{F6E8FC65-6169-4202-9029-ED16A03C1EE6}.Release|ARM64.Deploy.0 = Release|ARM64
		{F6E8FC65-6169-4202-9029-ED16A03C1EE6}.Release|x64.ActiveCfg = Release|x64
		{F6E8FC65-6169-4202-9029-ED16A03C1EE6}.Release|x64.Build.0 = Release|x64
		{F6E8FC65-6169-4202-9029-ED16A03C1EE6}.Release|x64.Deploy.0 = Release|x64
		{F6E8FC65-6169-4202-9029-ED16A03C1EE6}.Release|x86.ActiveCfg = Release|x86
		{F6E8FC65-6169-4202-9029-ED16A03C1EE6}.Release|x86.Build.0 = Release|x86
		{F6E8FC65-6169-4202-9029-ED16A03C1EE6}.Release|x86.Deploy.0 = Release|x86
		{52799A3A-B327-4531-AB90-B2F8D20BB895}.Debug|Any CPU.ActiveCfg = Debug|x86
		{52799A3A-B327-4531-AB90-B2F8D20BB895}.Debug|ARM.ActiveCfg = Debug|ARM
		{52799A3A-B327-4531-AB90-B2F8D20BB895}.Debug|ARM.Build.0 = Debug|ARM
		{52799A3A-B327-4531-AB90-B2F8D20BB895}.Debug|ARM.Deploy.0 = Debug|ARM
		{52799A3A-B327-4531-AB90-B2F8D20BB895}.Debug|ARM64.ActiveCfg = Debug|ARM64
		{52799A3A-B327-4531-AB90-B2F8D20BB895}.Debug|ARM64.Build.0 = Debug|ARM64
		{52799A3A-B327-4531-AB90-B2F8D20BB895}.Debug|ARM64.Deploy.0 = Debug|ARM64
		{52799A3A-B327-4531-AB90-B2F8D20BB895}.Debug|x64.ActiveCfg = Debug|x64
		{52799A3A-B327-4531-AB90-B2F8D20BB895}.Debug|x64.Build.0 = Debug|x64
		{52799A3A-B327-4531-AB90-B2F8D20BB895}.Debug|x64.Deploy.0 = Debug|x64
		{52799A3A-B327-4531-AB90-B2F8D20BB895}.Debug|x86.ActiveCfg = Debug|x86
		{52799A3A-B327-4531-AB90-B2F8D20BB895}.Debug|x86.Build.0 = Debug|x86
		{52799A3A-B327-4531-AB90-B2F8D20BB895}.Debug|x86.Deploy.0 = Debug|x86
		{52799A3A-B327-4531-AB90-B2F8D20BB895}.Release|Any CPU.ActiveCfg = Release|x86
		{52799A3A-B327-4531-AB90-B2F8D20BB895}.Release|ARM.ActiveCfg = Release|ARM
		{52799A3A-B327-4531-AB90-B2F8D20BB895}.Release|ARM.Build.0 = Release|ARM
		{52799A3A-B327-4531-AB90-B2F8D20BB895}.Release|ARM.Deploy.0 = Release|ARM
		{52799A3A-B327-4531-AB90-B2F8D20BB895}.Release|ARM64.ActiveCfg = Release|ARM64
		{52799A3A-B327-4531-AB90-B2F8D20BB895}.Release|ARM64.Build.0 = Release|ARM64
		{52799A3A-B327-4531-AB90-B2F8D20BB895}.Release|ARM64.Deploy.0 = Release|ARM64
		{52799A3A-B327-4531-AB90-B2F8D20BB895}.Release|x64.ActiveCfg = Release|x64
		{52799A3A-B327-4531-AB90-B2F8D20BB895}.Release|x64.Build.0 = Release|x64
		{52799A3A-B327-4531-AB90-B2F8D20BB895}.Release|x64.Deploy.0 = Release|x64
		{52799A3A-B327-4531-AB90-B2F8D20BB895}.Release|x86.ActiveCfg = Release|x86
		{52799A3A-B327-4531-AB90-B2F8D20BB895}.Release|x86.Build.0 = Release|x86
		{52799A3A-B327-4531-AB90-B2F8D20BB895}.Release|x86.Deploy.0 = Release|x86
		{C6D4C2FE-BE46-4974-9BC8-760543C77362}.Debug|Any CPU.ActiveCfg = Debug|x86
		{C6D4C2FE-BE46-4974-9BC8-760543C77362}.Debug|ARM.ActiveCfg = Debug|ARM
		{C6D4C2FE-BE46-4974-9BC8-760543C77362}.Debug|ARM.Build.0 = Debug|ARM
		{C6D4C2FE-BE46-4974-9BC8-760543C77362}.Debug|ARM.Deploy.0 = Debug|ARM
		{C6D4C2FE-BE46-4974-9BC8-760543C77362}.Debug|ARM64.ActiveCfg = Debug|ARM64
		{C6D4C2FE-BE46-4974-9BC8-760543C77362}.Debug|ARM64.Build.0 = Debug|ARM64
		{C6D4C2FE-BE46-4974-9BC8-760543C77362}.Debug|ARM64.Deploy.0 = Debug|ARM64
		{C6D4C2FE-BE46-4974-9BC8-760543C77362}.Debug|x64.ActiveCfg = Debug|x64
		{C6D4C2FE-BE46-4974-9BC8-760543C77362}.Debug|x64.Build.0 = Debug|x64
		{C6D4C2FE-BE46-4974-9BC8-760543C77362}.Debug|x64.Deploy.0 = Debug|x64
		{C6D4C2FE-BE46-4974-9BC8-760543C77362}.Debug|x86.ActiveCfg = Debug|x86
		{C6D4C2FE-BE46-4974-9BC8-760543C77362}.Debug|x86.Build.0 = Debug|x86
		{C6D4C2FE-BE46-4974-9BC8-760543C77362}.Debug|x86.Deploy.0 = Debug|x86
		{C6D4C2FE-BE46-4974-9BC8-760543C77362}.Release|Any CPU.ActiveCfg = Release|x86
		{C6D4C2FE-BE46-4974-9BC8-760543C77362}.Release|ARM.ActiveCfg = Release|ARM
		{C6D4C2FE-BE46-4974-9BC8-760543C77362}.Release|ARM.Build.0 = Release|ARM
		{C6D4C2FE-BE46-4974-9BC8-760543C77362}.Release|ARM.Deploy.0 = Release|ARM
		{C6D4C2FE-BE46-4974-9BC8-760543C77362}.Release|ARM64.ActiveCfg = Release|ARM64
		{C6D4C2FE-BE46-4974-9BC8-760543C77362}.Release|ARM64.Build.0 = Release|ARM64
		{C6D4C2FE-BE46-4974-9BC8-760543C77362}.Release|ARM64.Deploy.0 = Release|ARM64
		{C6D4C2FE-BE46-4974-9BC8-760543C77362}.Release|x64.ActiveCfg = Release|x64
		{C6D4C2FE-BE46-4974-9BC8-760543C77362}.Release|x64.Build.0 = Release|x64
		{C6D4C2FE-BE46-4974-9BC8-760543C77362}.Release|x64.Deploy.0 = Release|x64
		{C6D4C2FE-BE46-4974-9BC8-760543C77362}.Release|x86.ActiveCfg = Release|x86
		{C6D4C2FE-BE46-4974-9BC8-760543C77362}.Release|x86.Build.0 = Release|x86
		{C6D4C2FE-BE46-4974-9BC8-760543C77362}.Release|x86.Deploy.0 = Release|x86
		{9B53FE80-09FD-4794-AE09-5035B4CA51EC}.Debug|Any CPU.ActiveCfg = Debug|x86
		{9B53FE80-09FD-4794-AE09-5035B4CA51EC}.Debug|ARM.ActiveCfg = Debug|ARM
		{9B53FE80-09FD-4794-AE09-5035B4CA51EC}.Debug|ARM.Build.0 = Debug|ARM
		{9B53FE80-09FD-4794-AE09-5035B4CA51EC}.Debug|ARM.Deploy.0 = Debug|ARM
		{9B53FE80-09FD-4794-AE09-5035B4CA51EC}.Debug|ARM64.ActiveCfg = Debug|ARM64
		{9B53FE80-09FD-4794-AE09-5035B4CA51EC}.Debug|ARM64.Build.0 = Debug|ARM64
		{9B53FE80-09FD-4794-AE09-5035B4CA51EC}.Debug|ARM64.Deploy.0 = Debug|ARM64
		{9B53FE80-09FD-4794-AE09-5035B4CA51EC}.Debug|x64.ActiveCfg = Debug|x64
		{9B53FE80-09FD-4794-AE09-5035B4CA51EC}.Debug|x64.Build.0 = Debug|x64
		{9B53FE80-09FD-4794-AE09-5035B4CA51EC}.Debug|x64.Deploy.0 = Debug|x64
		{9B53FE80-09FD-4794-AE09-5035B4CA51EC}.Debug|x86.ActiveCfg = Debug|x86
		{9B53FE80-09FD-4794-AE09-5035B4CA51EC}.Debug|x86.Build.0 = Debug|x86
		{9B53FE80-09FD-4794-AE09-5035B4CA51EC}.Debug|x86.Deploy.0 = Debug|x86
		{9B53FE80-09FD-4794-AE09-5035B4CA51EC}.Release|Any CPU.ActiveCfg = Release|x86
		{9B53FE80-09FD-4794-AE09-5035B4CA51EC}.Release|ARM.ActiveCfg = Release|ARM
		{9B53FE80-09FD-4794-AE09-5035B4CA51EC}.Release|ARM.Build.0 = Release|ARM
		{9B53FE80-09FD-4794-AE09-5035B4CA51EC}.Release|ARM.Deploy.0 = Release|ARM
		{9B53FE80-09FD-4794-AE09-5035B4CA51EC}.Release|ARM64.ActiveCfg = Release|ARM64
		{9B53FE80-09FD-4794-AE09-5035B4CA51EC}.Release|ARM64.Build.0 = Release|ARM64
		{9B53FE80-09FD-4794-AE09-5035B4CA51EC}.Release|ARM64.Deploy.0 = Release|ARM64
		{9B53FE80-09FD-4794-AE09-5035B4CA51EC}.Release|x64.ActiveCfg = Release|x64
		{9B53FE80-09FD-4794-AE09-5035B4CA51EC}.Release|x64.Build.0 = Release|x64
		{9B53FE80-09FD-4794-AE09-5035B4CA51EC}.Release|x64.Deploy.0 = Release|x64
		{9B53FE80-09FD-4794-AE09-5035B4CA51EC}.Release|x86.ActiveCfg = Release|x86
		{9B53FE80-09FD-4794-AE09-5035B4CA51EC}.Release|x86.Build.0 = Release|x86
		{9B53FE80-09FD-4794-AE09-5035B4CA51EC}.Release|x86.Deploy.0 = Release|x86
		{7E19EA03-798A-4252-9CFC-CAB9ED61D097}.Debug|Any CPU.ActiveCfg = Debug|Any CPU
		{7E19EA03-798A-4252-9CFC-CAB9ED61D097}.Debug|Any CPU.Build.0 = Debug|Any CPU
		{7E19EA03-798A-4252-9CFC-CAB9ED61D097}.Debug|ARM.ActiveCfg = Debug|ARM
		{7E19EA03-798A-4252-9CFC-CAB9ED61D097}.Debug|ARM.Build.0 = Debug|ARM
		{7E19EA03-798A-4252-9CFC-CAB9ED61D097}.Debug|ARM64.ActiveCfg = Debug|ARM64
		{7E19EA03-798A-4252-9CFC-CAB9ED61D097}.Debug|ARM64.Build.0 = Debug|ARM64
		{7E19EA03-798A-4252-9CFC-CAB9ED61D097}.Debug|x64.ActiveCfg = Debug|x64
		{7E19EA03-798A-4252-9CFC-CAB9ED61D097}.Debug|x64.Build.0 = Debug|x64
		{7E19EA03-798A-4252-9CFC-CAB9ED61D097}.Debug|x86.ActiveCfg = Debug|x86
		{7E19EA03-798A-4252-9CFC-CAB9ED61D097}.Debug|x86.Build.0 = Debug|x86
		{7E19EA03-798A-4252-9CFC-CAB9ED61D097}.Release|Any CPU.ActiveCfg = Release|Any CPU
		{7E19EA03-798A-4252-9CFC-CAB9ED61D097}.Release|Any CPU.Build.0 = Release|Any CPU
		{7E19EA03-798A-4252-9CFC-CAB9ED61D097}.Release|ARM.ActiveCfg = Release|ARM
		{7E19EA03-798A-4252-9CFC-CAB9ED61D097}.Release|ARM.Build.0 = Release|ARM
		{7E19EA03-798A-4252-9CFC-CAB9ED61D097}.Release|ARM64.ActiveCfg = Release|ARM64
		{7E19EA03-798A-4252-9CFC-CAB9ED61D097}.Release|ARM64.Build.0 = Release|ARM64
		{7E19EA03-798A-4252-9CFC-CAB9ED61D097}.Release|x64.ActiveCfg = Release|x64
		{7E19EA03-798A-4252-9CFC-CAB9ED61D097}.Release|x64.Build.0 = Release|x64
		{7E19EA03-798A-4252-9CFC-CAB9ED61D097}.Release|x86.ActiveCfg = Release|x86
		{7E19EA03-798A-4252-9CFC-CAB9ED61D097}.Release|x86.Build.0 = Release|x86
		{7A6CF479-0D70-4CBC-9602-0D891D84B0EA}.Debug|Any CPU.ActiveCfg = Debug|Any CPU
		{7A6CF479-0D70-4CBC-9602-0D891D84B0EA}.Debug|Any CPU.Build.0 = Debug|Any CPU
		{7A6CF479-0D70-4CBC-9602-0D891D84B0EA}.Debug|ARM.ActiveCfg = Debug|ARM
		{7A6CF479-0D70-4CBC-9602-0D891D84B0EA}.Debug|ARM.Build.0 = Debug|ARM
		{7A6CF479-0D70-4CBC-9602-0D891D84B0EA}.Debug|ARM64.ActiveCfg = Debug|ARM64
		{7A6CF479-0D70-4CBC-9602-0D891D84B0EA}.Debug|ARM64.Build.0 = Debug|ARM64
		{7A6CF479-0D70-4CBC-9602-0D891D84B0EA}.Debug|x64.ActiveCfg = Debug|x64
		{7A6CF479-0D70-4CBC-9602-0D891D84B0EA}.Debug|x64.Build.0 = Debug|x64
		{7A6CF479-0D70-4CBC-9602-0D891D84B0EA}.Debug|x86.ActiveCfg = Debug|x86
		{7A6CF479-0D70-4CBC-9602-0D891D84B0EA}.Debug|x86.Build.0 = Debug|x86
		{7A6CF479-0D70-4CBC-9602-0D891D84B0EA}.Release|Any CPU.ActiveCfg = Release|Any CPU
		{7A6CF479-0D70-4CBC-9602-0D891D84B0EA}.Release|Any CPU.Build.0 = Release|Any CPU
		{7A6CF479-0D70-4CBC-9602-0D891D84B0EA}.Release|ARM.ActiveCfg = Release|ARM
		{7A6CF479-0D70-4CBC-9602-0D891D84B0EA}.Release|ARM.Build.0 = Release|ARM
		{7A6CF479-0D70-4CBC-9602-0D891D84B0EA}.Release|ARM64.ActiveCfg = Release|ARM64
		{7A6CF479-0D70-4CBC-9602-0D891D84B0EA}.Release|ARM64.Build.0 = Release|ARM64
		{7A6CF479-0D70-4CBC-9602-0D891D84B0EA}.Release|x64.ActiveCfg = Release|x64
		{7A6CF479-0D70-4CBC-9602-0D891D84B0EA}.Release|x64.Build.0 = Release|x64
		{7A6CF479-0D70-4CBC-9602-0D891D84B0EA}.Release|x86.ActiveCfg = Release|x86
		{7A6CF479-0D70-4CBC-9602-0D891D84B0EA}.Release|x86.Build.0 = Release|x86
		{FFC47DEE-83A6-4AB0-92E1-C9700A5799E9}.Debug|Any CPU.ActiveCfg = Debug|x86
		{FFC47DEE-83A6-4AB0-92E1-C9700A5799E9}.Debug|ARM.ActiveCfg = Debug|ARM
		{FFC47DEE-83A6-4AB0-92E1-C9700A5799E9}.Debug|ARM.Build.0 = Debug|ARM
		{FFC47DEE-83A6-4AB0-92E1-C9700A5799E9}.Debug|ARM.Deploy.0 = Debug|ARM
		{FFC47DEE-83A6-4AB0-92E1-C9700A5799E9}.Debug|ARM64.ActiveCfg = Debug|ARM64
		{FFC47DEE-83A6-4AB0-92E1-C9700A5799E9}.Debug|ARM64.Build.0 = Debug|ARM64
		{FFC47DEE-83A6-4AB0-92E1-C9700A5799E9}.Debug|ARM64.Deploy.0 = Debug|ARM64
		{FFC47DEE-83A6-4AB0-92E1-C9700A5799E9}.Debug|x64.ActiveCfg = Debug|x64
		{FFC47DEE-83A6-4AB0-92E1-C9700A5799E9}.Debug|x64.Build.0 = Debug|x64
		{FFC47DEE-83A6-4AB0-92E1-C9700A5799E9}.Debug|x64.Deploy.0 = Debug|x64
		{FFC47DEE-83A6-4AB0-92E1-C9700A5799E9}.Debug|x86.ActiveCfg = Debug|x86
		{FFC47DEE-83A6-4AB0-92E1-C9700A5799E9}.Debug|x86.Build.0 = Debug|x86
		{FFC47DEE-83A6-4AB0-92E1-C9700A5799E9}.Debug|x86.Deploy.0 = Debug|x86
		{FFC47DEE-83A6-4AB0-92E1-C9700A5799E9}.Release|Any CPU.ActiveCfg = Release|x86
		{FFC47DEE-83A6-4AB0-92E1-C9700A5799E9}.Release|ARM.ActiveCfg = Release|ARM
		{FFC47DEE-83A6-4AB0-92E1-C9700A5799E9}.Release|ARM.Build.0 = Release|ARM
		{FFC47DEE-83A6-4AB0-92E1-C9700A5799E9}.Release|ARM.Deploy.0 = Release|ARM
		{FFC47DEE-83A6-4AB0-92E1-C9700A5799E9}.Release|ARM64.ActiveCfg = Release|ARM64
		{FFC47DEE-83A6-4AB0-92E1-C9700A5799E9}.Release|ARM64.Build.0 = Release|ARM64
		{FFC47DEE-83A6-4AB0-92E1-C9700A5799E9}.Release|ARM64.Deploy.0 = Release|ARM64
		{FFC47DEE-83A6-4AB0-92E1-C9700A5799E9}.Release|x64.ActiveCfg = Release|x64
		{FFC47DEE-83A6-4AB0-92E1-C9700A5799E9}.Release|x64.Build.0 = Release|x64
		{FFC47DEE-83A6-4AB0-92E1-C9700A5799E9}.Release|x64.Deploy.0 = Release|x64
		{FFC47DEE-83A6-4AB0-92E1-C9700A5799E9}.Release|x86.ActiveCfg = Release|x86
		{FFC47DEE-83A6-4AB0-92E1-C9700A5799E9}.Release|x86.Build.0 = Release|x86
		{FFC47DEE-83A6-4AB0-92E1-C9700A5799E9}.Release|x86.Deploy.0 = Release|x86
		{587732D4-B887-4639-8192-7F720E0F0AFD}.Debug|Any CPU.ActiveCfg = Debug|x86
		{587732D4-B887-4639-8192-7F720E0F0AFD}.Debug|ARM.ActiveCfg = Debug|ARM
		{587732D4-B887-4639-8192-7F720E0F0AFD}.Debug|ARM.Build.0 = Debug|ARM
		{587732D4-B887-4639-8192-7F720E0F0AFD}.Debug|ARM.Deploy.0 = Debug|ARM
		{587732D4-B887-4639-8192-7F720E0F0AFD}.Debug|ARM64.ActiveCfg = Debug|ARM64
		{587732D4-B887-4639-8192-7F720E0F0AFD}.Debug|ARM64.Build.0 = Debug|ARM64
		{587732D4-B887-4639-8192-7F720E0F0AFD}.Debug|ARM64.Deploy.0 = Debug|ARM64
		{587732D4-B887-4639-8192-7F720E0F0AFD}.Debug|x64.ActiveCfg = Debug|x64
		{587732D4-B887-4639-8192-7F720E0F0AFD}.Debug|x64.Build.0 = Debug|x64
		{587732D4-B887-4639-8192-7F720E0F0AFD}.Debug|x64.Deploy.0 = Debug|x64
		{587732D4-B887-4639-8192-7F720E0F0AFD}.Debug|x86.ActiveCfg = Debug|x86
		{587732D4-B887-4639-8192-7F720E0F0AFD}.Debug|x86.Build.0 = Debug|x86
		{587732D4-B887-4639-8192-7F720E0F0AFD}.Debug|x86.Deploy.0 = Debug|x86
		{587732D4-B887-4639-8192-7F720E0F0AFD}.Release|Any CPU.ActiveCfg = Release|x86
		{587732D4-B887-4639-8192-7F720E0F0AFD}.Release|ARM.ActiveCfg = Release|ARM
		{587732D4-B887-4639-8192-7F720E0F0AFD}.Release|ARM.Build.0 = Release|ARM
		{587732D4-B887-4639-8192-7F720E0F0AFD}.Release|ARM.Deploy.0 = Release|ARM
		{587732D4-B887-4639-8192-7F720E0F0AFD}.Release|ARM64.ActiveCfg = Release|ARM64
		{587732D4-B887-4639-8192-7F720E0F0AFD}.Release|ARM64.Build.0 = Release|ARM64
		{587732D4-B887-4639-8192-7F720E0F0AFD}.Release|ARM64.Deploy.0 = Release|ARM64
		{587732D4-B887-4639-8192-7F720E0F0AFD}.Release|x64.ActiveCfg = Release|x64
		{587732D4-B887-4639-8192-7F720E0F0AFD}.Release|x64.Build.0 = Release|x64
		{587732D4-B887-4639-8192-7F720E0F0AFD}.Release|x64.Deploy.0 = Release|x64
		{587732D4-B887-4639-8192-7F720E0F0AFD}.Release|x86.ActiveCfg = Release|x86
		{587732D4-B887-4639-8192-7F720E0F0AFD}.Release|x86.Build.0 = Release|x86
		{587732D4-B887-4639-8192-7F720E0F0AFD}.Release|x86.Deploy.0 = Release|x86
		{E7C84EE5-F5CB-4F5A-87E4-F25D1B94B294}.Debug|Any CPU.ActiveCfg = Debug|x86
		{E7C84EE5-F5CB-4F5A-87E4-F25D1B94B294}.Debug|ARM.ActiveCfg = Debug|ARM
		{E7C84EE5-F5CB-4F5A-87E4-F25D1B94B294}.Debug|ARM.Build.0 = Debug|ARM
		{E7C84EE5-F5CB-4F5A-87E4-F25D1B94B294}.Debug|ARM.Deploy.0 = Debug|ARM
		{E7C84EE5-F5CB-4F5A-87E4-F25D1B94B294}.Debug|ARM64.ActiveCfg = Debug|ARM64
		{E7C84EE5-F5CB-4F5A-87E4-F25D1B94B294}.Debug|ARM64.Build.0 = Debug|ARM64
		{E7C84EE5-F5CB-4F5A-87E4-F25D1B94B294}.Debug|ARM64.Deploy.0 = Debug|ARM64
		{E7C84EE5-F5CB-4F5A-87E4-F25D1B94B294}.Debug|x64.ActiveCfg = Debug|x64
		{E7C84EE5-F5CB-4F5A-87E4-F25D1B94B294}.Debug|x64.Build.0 = Debug|x64
		{E7C84EE5-F5CB-4F5A-87E4-F25D1B94B294}.Debug|x64.Deploy.0 = Debug|x64
		{E7C84EE5-F5CB-4F5A-87E4-F25D1B94B294}.Debug|x86.ActiveCfg = Debug|x86
		{E7C84EE5-F5CB-4F5A-87E4-F25D1B94B294}.Debug|x86.Build.0 = Debug|x86
		{E7C84EE5-F5CB-4F5A-87E4-F25D1B94B294}.Debug|x86.Deploy.0 = Debug|x86
		{E7C84EE5-F5CB-4F5A-87E4-F25D1B94B294}.Release|Any CPU.ActiveCfg = Release|x86
		{E7C84EE5-F5CB-4F5A-87E4-F25D1B94B294}.Release|ARM.ActiveCfg = Release|ARM
		{E7C84EE5-F5CB-4F5A-87E4-F25D1B94B294}.Release|ARM.Build.0 = Release|ARM
		{E7C84EE5-F5CB-4F5A-87E4-F25D1B94B294}.Release|ARM.Deploy.0 = Release|ARM
		{E7C84EE5-F5CB-4F5A-87E4-F25D1B94B294}.Release|ARM64.ActiveCfg = Release|ARM64
		{E7C84EE5-F5CB-4F5A-87E4-F25D1B94B294}.Release|ARM64.Build.0 = Release|ARM64
		{E7C84EE5-F5CB-4F5A-87E4-F25D1B94B294}.Release|ARM64.Deploy.0 = Release|ARM64
		{E7C84EE5-F5CB-4F5A-87E4-F25D1B94B294}.Release|x64.ActiveCfg = Release|x64
		{E7C84EE5-F5CB-4F5A-87E4-F25D1B94B294}.Release|x64.Build.0 = Release|x64
		{E7C84EE5-F5CB-4F5A-87E4-F25D1B94B294}.Release|x64.Deploy.0 = Release|x64
		{E7C84EE5-F5CB-4F5A-87E4-F25D1B94B294}.Release|x86.ActiveCfg = Release|x86
		{E7C84EE5-F5CB-4F5A-87E4-F25D1B94B294}.Release|x86.Build.0 = Release|x86
		{E7C84EE5-F5CB-4F5A-87E4-F25D1B94B294}.Release|x86.Deploy.0 = Release|x86
		{13D12BF8-C3C3-4603-BECC-078BB852AAEF}.Debug|Any CPU.ActiveCfg = Debug|x86
		{13D12BF8-C3C3-4603-BECC-078BB852AAEF}.Debug|ARM.ActiveCfg = Debug|ARM
		{13D12BF8-C3C3-4603-BECC-078BB852AAEF}.Debug|ARM.Build.0 = Debug|ARM
		{13D12BF8-C3C3-4603-BECC-078BB852AAEF}.Debug|ARM.Deploy.0 = Debug|ARM
		{13D12BF8-C3C3-4603-BECC-078BB852AAEF}.Debug|ARM64.ActiveCfg = Debug|ARM64
		{13D12BF8-C3C3-4603-BECC-078BB852AAEF}.Debug|ARM64.Build.0 = Debug|ARM64
		{13D12BF8-C3C3-4603-BECC-078BB852AAEF}.Debug|ARM64.Deploy.0 = Debug|ARM64
		{13D12BF8-C3C3-4603-BECC-078BB852AAEF}.Debug|x64.ActiveCfg = Debug|x64
		{13D12BF8-C3C3-4603-BECC-078BB852AAEF}.Debug|x64.Build.0 = Debug|x64
		{13D12BF8-C3C3-4603-BECC-078BB852AAEF}.Debug|x64.Deploy.0 = Debug|x64
		{13D12BF8-C3C3-4603-BECC-078BB852AAEF}.Debug|x86.ActiveCfg = Debug|x86
		{13D12BF8-C3C3-4603-BECC-078BB852AAEF}.Debug|x86.Build.0 = Debug|x86
		{13D12BF8-C3C3-4603-BECC-078BB852AAEF}.Debug|x86.Deploy.0 = Debug|x86
		{13D12BF8-C3C3-4603-BECC-078BB852AAEF}.Release|Any CPU.ActiveCfg = Release|x86
		{13D12BF8-C3C3-4603-BECC-078BB852AAEF}.Release|ARM.ActiveCfg = Release|ARM
		{13D12BF8-C3C3-4603-BECC-078BB852AAEF}.Release|ARM.Build.0 = Release|ARM
		{13D12BF8-C3C3-4603-BECC-078BB852AAEF}.Release|ARM.Deploy.0 = Release|ARM
		{13D12BF8-C3C3-4603-BECC-078BB852AAEF}.Release|ARM64.ActiveCfg = Release|ARM64
		{13D12BF8-C3C3-4603-BECC-078BB852AAEF}.Release|ARM64.Build.0 = Release|ARM64
		{13D12BF8-C3C3-4603-BECC-078BB852AAEF}.Release|ARM64.Deploy.0 = Release|ARM64
		{13D12BF8-C3C3-4603-BECC-078BB852AAEF}.Release|x64.ActiveCfg = Release|x64
		{13D12BF8-C3C3-4603-BECC-078BB852AAEF}.Release|x64.Build.0 = Release|x64
		{13D12BF8-C3C3-4603-BECC-078BB852AAEF}.Release|x64.Deploy.0 = Release|x64
		{13D12BF8-C3C3-4603-BECC-078BB852AAEF}.Release|x86.ActiveCfg = Release|x86
		{13D12BF8-C3C3-4603-BECC-078BB852AAEF}.Release|x86.Build.0 = Release|x86
		{13D12BF8-C3C3-4603-BECC-078BB852AAEF}.Release|x86.Deploy.0 = Release|x86
	EndGlobalSection
	GlobalSection(SolutionProperties) = preSolution
		HideSolutionNode = FALSE
	EndGlobalSection
	GlobalSection(NestedProjects) = preSolution
		{16A5B714-9A1F-4CDC-A986-3B5CFBF10DE6} = {397E2966-EE45-44D8-968D-176805A8DBCD}
		{F9EF3F07-BA98-4119-BD2A-5EB79B98C53E} = {397E2966-EE45-44D8-968D-176805A8DBCD}
		{8F6F0091-F053-40E2-B9B5-CCF6902387F6} = {397E2966-EE45-44D8-968D-176805A8DBCD}
		{664E4BEB-4D34-4584-B471-5BB4206D9118} = {397E2966-EE45-44D8-968D-176805A8DBCD}
		{58A14DFF-6F18-4D83-B450-FC6A8CA9F8E9} = {397E2966-EE45-44D8-968D-176805A8DBCD}
		{DD535D5F-1FBA-417B-924A-A312BA325FC6} = {397E2966-EE45-44D8-968D-176805A8DBCD}
		{5D1ECA89-BA74-4EEE-9AF6-945B5AD9CE7A} = {397E2966-EE45-44D8-968D-176805A8DBCD}
		{BBE7A5DD-9B94-4A97-A395-2110B2B24836} = {14880BEA-F415-4107-BB49-20BDB5C6CD08}
		{565B7DBA-27EA-4FBC-ADBD-99C5D545BE13} = {64C84335-E3F9-423B-A59C-8653BBE0FE82}
		{174C7CF8-6EA9-4986-9CAF-A8885ECE5755} = {64C84335-E3F9-423B-A59C-8653BBE0FE82}
		{F6E8FC65-6169-4202-9029-ED16A03C1EE6} = {64C84335-E3F9-423B-A59C-8653BBE0FE82}
		{52799A3A-B327-4531-AB90-B2F8D20BB895} = {EC1ACC30-EA25-4480-A7CF-53E78250A12A}
		{C6D4C2FE-BE46-4974-9BC8-760543C77362} = {EC1ACC30-EA25-4480-A7CF-53E78250A12A}
		{9B53FE80-09FD-4794-AE09-5035B4CA51EC} = {246ED91A-6D35-4A5D-9281-45807C488688}
		{7E19EA03-798A-4252-9CFC-CAB9ED61D097} = {246ED91A-6D35-4A5D-9281-45807C488688}
		{7A6CF479-0D70-4CBC-9602-0D891D84B0EA} = {246ED91A-6D35-4A5D-9281-45807C488688}
		{FFC47DEE-83A6-4AB0-92E1-C9700A5799E9} = {97E47A7F-5F9F-4B1E-90F2-BFFB3F63A01D}
		{587732D4-B887-4639-8192-7F720E0F0AFD} = {97E47A7F-5F9F-4B1E-90F2-BFFB3F63A01D}
		{E7C84EE5-F5CB-4F5A-87E4-F25D1B94B294} = {97E47A7F-5F9F-4B1E-90F2-BFFB3F63A01D}
		{13D12BF8-C3C3-4603-BECC-078BB852AAEF} = {97E47A7F-5F9F-4B1E-90F2-BFFB3F63A01D}
	EndGlobalSection
	GlobalSection(ExtensibilityGlobals) = postSolution
		SolutionGuid = {74E89FA7-2CE5-41E7-B6AC-BD8B0B57EB97}
	EndGlobalSection
EndGlobal
