
Microsoft Visual Studio Solution File, Format Version 12.00
# Visual Studio Version 16
VisualStudioVersion = 16.0.29806.167
MinimumVisualStudioVersion = 10.0.40219.1
Project("{FAE04EC0-301F-11D3-BF4B-00C04F79EFBC}") = "App1", "App1\App1.csproj", "{16A5B714-9A1F-4CDC-A986-3B5CFBF10DE6}"
EndProject
Project("{FAE04EC0-301F-11D3-BF4B-00C04F79EFBC}") = "App2", "App2\App2.csproj", "{F9EF3F07-BA98-4119-BD2A-5EB79B98C53E}"
EndProject
Project("{FAE04EC0-301F-11D3-BF4B-00C04F79EFBC}") = "App3", "App3\App3.csproj", "{8F6F0091-F053-40E2-B9B5-CCF6902387F6}"
EndProject
Project("{FAE04EC0-301F-11D3-BF4B-00C04F79EFBC}") = "App4", "App4\App4.csproj", "{664E4BEB-4D34-4584-B471-5BB4206D9118}"
EndProject
Project("{FAE04EC0-301F-11D3-BF4B-00C04F79EFBC}") = "App5", "App5\App5.csproj", "{58A14DFF-6F18-4D83-B450-FC6A8CA9F8E9}"
EndProject
Project("{FAE04EC0-301F-11D3-BF4B-00C04F79EFBC}") = "App6", "App6\App6.csproj", "{DD535D5F-1FBA-417B-924A-A312BA325FC6}"
EndProject
Project("{FAE04EC0-301F-11D3-BF4B-00C04F79EFBC}") = "App7", "App7\App7.csproj", "{5D1ECA89-BA74-4EEE-9AF6-945B5AD9CE7A}"
EndProject
Project("{FAE04EC0-301F-11D3-BF4B-00C04F79EFBC}") = "DataAsy_Sec4", "DataAsy_Sec4\DataAsy_Sec4.csproj", "{BBE7A5DD-9B94-4A97-A395-2110B2B24836}"
EndProject
Project("{FAE04EC0-301F-11D3-BF4B-00C04F79EFBC}") = "AppNavigation_Sec5", "AppNavigation_Sec5\AppNavigation_Sec5.csproj", "{565B7DBA-27EA-4FBC-ADBD-99C5D545BE13}"
EndProject
Project("{FAE04EC0-301F-11D3-BF4B-00C04F79EFBC}") = "AppNavigation_Dialogs_sec5", "AppNavigation_Dialogs_sec5\AppNavigation_Dialogs_sec5.csproj", "{174C7CF8-6EA9-4986-9CAF-A8885ECE5755}"
EndProject
Project("{FAE04EC0-301F-11D3-BF4B-00C04F79EFBC}") = "Navigation_MultWin_Sec5", "Navigation_MultWin_Sec5\Navigation_MultWin_Sec5.csproj", "{F6E8FC65-6169-4202-9029-ED16A03C1EE6}"
EndProject
Project("{FAE04EC0-301F-11D3-BF4B-00C04F79EFBC}") = "Sec6_Leason27", "Sec6_Leason27\Sec6_Leason27.csproj", "{52799A3A-B327-4531-AB90-B2F8D20BB895}"
EndProject
Global
	GlobalSection(SolutionConfigurationPlatforms) = preSolution
		Debug|ARM = Debug|ARM
		Debug|ARM64 = Debug|ARM64
		Debug|x64 = Debug|x64
		Debug|x86 = Debug|x86
		Release|ARM = Release|ARM
		Release|ARM64 = Release|ARM64
		Release|x64 = Release|x64
		Release|x86 = Release|x86
	EndGlobalSection
	GlobalSection(ProjectConfigurationPlatforms) = postSolution
		{16A5B714-9A1F-4CDC-A986-3B5CFBF10DE6}.Debug|ARM.ActiveCfg = Debug|ARM
		{16A5B714-9A1F-4CDC-A986-3B5CFBF10DE6}.Debug|ARM.Build.0 = Debug|ARM
		{16A5B714-9A1F-4CDC-A986-3B5CFBF10DE6}.Debug|ARM.Deploy.0 = Debug|ARM
		{16A5B714-9A1F-4CDC-A986-3B5CFBF10DE6}.Debug|ARM64.ActiveCfg = Debug|ARM64
		{16A5B714-9A1F-4CDC-A986-3B5CFBF10DE6}.Debug|ARM64.Build.0 = Debug|ARM64
		{16A5B714-9A1F-4CDC-A986-3B5CFBF10DE6}.Debug|ARM64.Deploy.0 = Debug|ARM64
		{16A5B714-9A1F-4CDC-A986-3B5CFBF10DE6}.Debug|x64.ActiveCfg = Debug|x64
		{16A5B714-9A1F-4CDC-A986-3B5CFBF10DE6}.Debug|x64.Build.0 = Debug|x64
		{16A5B714-9A1F-4CDC-A986-3B5CFBF10DE6}.Debug|x64.Deploy.0 = Debug|x64
		{16A5B714-9A1F-4CDC-A986-3B5CFBF10DE6}.Debug|x86.ActiveCfg = Debug|x86
		{16A5B714-9A1F-4CDC-A986-3B5CFBF10DE6}.Debug|x86.Build.0 = Debug|x86
		{16A5B714-9A1F-4CDC-A986-3B5CFBF10DE6}.Debug|x86.Deploy.0 = Debug|x86
		{16A5B714-9A1F-4CDC-A986-3B5CFBF10DE6}.Release|ARM.ActiveCfg = Release|ARM
		{16A5B714-9A1F-4CDC-A986-3B5CFBF10DE6}.Release|ARM.Build.0 = Release|ARM
		{16A5B714-9A1F-4CDC-A986-3B5CFBF10DE6}.Release|ARM.Deploy.0 = Release|ARM
		{16A5B714-9A1F-4CDC-A986-3B5CFBF10DE6}.Release|ARM64.ActiveCfg = Release|ARM64
		{16A5B714-9A1F-4CDC-A986-3B5CFBF10DE6}.Release|ARM64.Build.0 = Release|ARM64
		{16A5B714-9A1F-4CDC-A986-3B5CFBF10DE6}.Release|ARM64.Deploy.0 = Release|ARM64
		{16A5B714-9A1F-4CDC-A986-3B5CFBF10DE6}.Release|x64.ActiveCfg = Release|x64
		{16A5B714-9A1F-4CDC-A986-3B5CFBF10DE6}.Release|x64.Build.0 = Release|x64
		{16A5B714-9A1F-4CDC-A986-3B5CFBF10DE6}.Release|x64.Deploy.0 = Release|x64
		{16A5B714-9A1F-4CDC-A986-3B5CFBF10DE6}.Release|x86.ActiveCfg = Release|x86
		{16A5B714-9A1F-4CDC-A986-3B5CFBF10DE6}.Release|x86.Build.0 = Release|x86
		{16A5B714-9A1F-4CDC-A986-3B5CFBF10DE6}.Release|x86.Deploy.0 = Release|x86
		{F9EF3F07-BA98-4119-BD2A-5EB79B98C53E}.Debug|ARM.ActiveCfg = Debug|ARM
		{F9EF3F07-BA98-4119-BD2A-5EB79B98C53E}.Debug|ARM.Build.0 = Debug|ARM
		{F9EF3F07-BA98-4119-BD2A-5EB79B98C53E}.Debug|ARM.Deploy.0 = Debug|ARM
		{F9EF3F07-BA98-4119-BD2A-5EB79B98C53E}.Debug|ARM64.ActiveCfg = Debug|ARM64
		{F9EF3F07-BA98-4119-BD2A-5EB79B98C53E}.Debug|ARM64.Build.0 = Debug|ARM64
		{F9EF3F07-BA98-4119-BD2A-5EB79B98C53E}.Debug|ARM64.Deploy.0 = Debug|ARM64
		{F9EF3F07-BA98-4119-BD2A-5EB79B98C53E}.Debug|x64.ActiveCfg = Debug|x64
		{F9EF3F07-BA98-4119-BD2A-5EB79B98C53E}.Debug|x64.Build.0 = Debug|x64
		{F9EF3F07-BA98-4119-BD2A-5EB79B98C53E}.Debug|x64.Deploy.0 = Debug|x64
		{F9EF3F07-BA98-4119-BD2A-5EB79B98C53E}.Debug|x86.ActiveCfg = Debug|x86
		{F9EF3F07-BA98-4119-BD2A-5EB79B98C53E}.Debug|x86.Build.0 = Debug|x86
		{F9EF3F07-BA98-4119-BD2A-5EB79B98C53E}.Debug|x86.Deploy.0 = Debug|x86
		{F9EF3F07-BA98-4119-BD2A-5EB79B98C53E}.Release|ARM.ActiveCfg = Release|ARM
		{F9EF3F07-BA98-4119-BD2A-5EB79B98C53E}.Release|ARM.Build.0 = Release|ARM
		{F9EF3F07-BA98-4119-BD2A-5EB79B98C53E}.Release|ARM.Deploy.0 = Release|ARM
		{F9EF3F07-BA98-4119-BD2A-5EB79B98C53E}.Release|ARM64.ActiveCfg = Release|ARM64
		{F9EF3F07-BA98-4119-BD2A-5EB79B98C53E}.Release|ARM64.Build.0 = Release|ARM64
		{F9EF3F07-BA98-4119-BD2A-5EB79B98C53E}.Release|ARM64.Deploy.0 = Release|ARM64
		{F9EF3F07-BA98-4119-BD2A-5EB79B98C53E}.Release|x64.ActiveCfg = Release|x64
		{F9EF3F07-BA98-4119-BD2A-5EB79B98C53E}.Release|x64.Build.0 = Release|x64
		{F9EF3F07-BA98-4119-BD2A-5EB79B98C53E}.Release|x64.Deploy.0 = Release|x64
		{F9EF3F07-BA98-4119-BD2A-5EB79B98C53E}.Release|x86.ActiveCfg = Release|x86
		{F9EF3F07-BA98-4119-BD2A-5EB79B98C53E}.Release|x86.Build.0 = Release|x86
		{F9EF3F07-BA98-4119-BD2A-5EB79B98C53E}.Release|x86.Deploy.0 = Release|x86
		{8F6F0091-F053-40E2-B9B5-CCF6902387F6}.Debug|ARM.ActiveCfg = Debug|ARM
		{8F6F0091-F053-40E2-B9B5-CCF6902387F6}.Debug|ARM.Build.0 = Debug|ARM
		{8F6F0091-F053-40E2-B9B5-CCF6902387F6}.Debug|ARM.Deploy.0 = Debug|ARM
		{8F6F0091-F053-40E2-B9B5-CCF6902387F6}.Debug|ARM64.ActiveCfg = Debug|ARM64
		{8F6F0091-F053-40E2-B9B5-CCF6902387F6}.Debug|ARM64.Build.0 = Debug|ARM64
		{8F6F0091-F053-40E2-B9B5-CCF6902387F6}.Debug|ARM64.Deploy.0 = Debug|ARM64
		{8F6F0091-F053-40E2-B9B5-CCF6902387F6}.Debug|x64.ActiveCfg = Debug|x64
		{8F6F0091-F053-40E2-B9B5-CCF6902387F6}.Debug|x64.Build.0 = Debug|x64
		{8F6F0091-F053-40E2-B9B5-CCF6902387F6}.Debug|x64.Deploy.0 = Debug|x64
		{8F6F0091-F053-40E2-B9B5-CCF6902387F6}.Debug|x86.ActiveCfg = Debug|x86
		{8F6F0091-F053-40E2-B9B5-CCF6902387F6}.Debug|x86.Build.0 = Debug|x86
		{8F6F0091-F053-40E2-B9B5-CCF6902387F6}.Debug|x86.Deploy.0 = Debug|x86
		{8F6F0091-F053-40E2-B9B5-CCF6902387F6}.Release|ARM.ActiveCfg = Release|ARM
		{8F6F0091-F053-40E2-B9B5-CCF6902387F6}.Release|ARM.Build.0 = Release|ARM
		{8F6F0091-F053-40E2-B9B5-CCF6902387F6}.Release|ARM.Deploy.0 = Release|ARM
		{8F6F0091-F053-40E2-B9B5-CCF6902387F6}.Release|ARM64.ActiveCfg = Release|ARM64
		{8F6F0091-F053-40E2-B9B5-CCF6902387F6}.Release|ARM64.Build.0 = Release|ARM64
		{8F6F0091-F053-40E2-B9B5-CCF6902387F6}.Release|ARM64.Deploy.0 = Release|ARM64
		{8F6F0091-F053-40E2-B9B5-CCF6902387F6}.Release|x64.ActiveCfg = Release|x64
		{8F6F0091-F053-40E2-B9B5-CCF6902387F6}.Release|x64.Build.0 = Release|x64
		{8F6F0091-F053-40E2-B9B5-CCF6902387F6}.Release|x64.Deploy.0 = Release|x64
		{8F6F0091-F053-40E2-B9B5-CCF6902387F6}.Release|x86.ActiveCfg = Release|x86
		{8F6F0091-F053-40E2-B9B5-CCF6902387F6}.Release|x86.Build.0 = Release|x86
		{8F6F0091-F053-40E2-B9B5-CCF6902387F6}.Release|x86.Deploy.0 = Release|x86
		{664E4BEB-4D34-4584-B471-5BB4206D9118}.Debug|ARM.ActiveCfg = Debug|ARM
		{664E4BEB-4D34-4584-B471-5BB4206D9118}.Debug|ARM.Build.0 = Debug|ARM
		{664E4BEB-4D34-4584-B471-5BB4206D9118}.Debug|ARM.Deploy.0 = Debug|ARM
		{664E4BEB-4D34-4584-B471-5BB4206D9118}.Debug|ARM64.ActiveCfg = Debug|ARM64
		{664E4BEB-4D34-4584-B471-5BB4206D9118}.Debug|ARM64.Build.0 = Debug|ARM64
		{664E4BEB-4D34-4584-B471-5BB4206D9118}.Debug|ARM64.Deploy.0 = Debug|ARM64
		{664E4BEB-4D34-4584-B471-5BB4206D9118}.Debug|x64.ActiveCfg = Debug|x64
		{664E4BEB-4D34-4584-B471-5BB4206D9118}.Debug|x64.Build.0 = Debug|x64
		{664E4BEB-4D34-4584-B471-5BB4206D9118}.Debug|x64.Deploy.0 = Debug|x64
		{664E4BEB-4D34-4584-B471-5BB4206D9118}.Debug|x86.ActiveCfg = Debug|x86
		{664E4BEB-4D34-4584-B471-5BB4206D9118}.Debug|x86.Build.0 = Debug|x86
		{664E4BEB-4D34-4584-B471-5BB4206D9118}.Debug|x86.Deploy.0 = Debug|x86
		{664E4BEB-4D34-4584-B471-5BB4206D9118}.Release|ARM.ActiveCfg = Release|ARM
		{664E4BEB-4D34-4584-B471-5BB4206D9118}.Release|ARM.Build.0 = Release|ARM
		{664E4BEB-4D34-4584-B471-5BB4206D9118}.Release|ARM.Deploy.0 = Release|ARM
		{664E4BEB-4D34-4584-B471-5BB4206D9118}.Release|ARM64.ActiveCfg = Release|ARM64
		{664E4BEB-4D34-4584-B471-5BB4206D9118}.Release|ARM64.Build.0 = Release|ARM64
		{664E4BEB-4D34-4584-B471-5BB4206D9118}.Release|ARM64.Deploy.0 = Release|ARM64
		{664E4BEB-4D34-4584-B471-5BB4206D9118}.Release|x64.ActiveCfg = Release|x64
		{664E4BEB-4D34-4584-B471-5BB4206D9118}.Release|x64.Build.0 = Release|x64
		{664E4BEB-4D34-4584-B471-5BB4206D9118}.Release|x64.Deploy.0 = Release|x64
		{664E4BEB-4D34-4584-B471-5BB4206D9118}.Release|x86.ActiveCfg = Release|x86
		{664E4BEB-4D34-4584-B471-5BB4206D9118}.Release|x86.Build.0 = Release|x86
		{664E4BEB-4D34-4584-B471-5BB4206D9118}.Release|x86.Deploy.0 = Release|x86
		{58A14DFF-6F18-4D83-B450-FC6A8CA9F8E9}.Debug|ARM.ActiveCfg = Debug|ARM
		{58A14DFF-6F18-4D83-B450-FC6A8CA9F8E9}.Debug|ARM.Build.0 = Debug|ARM
		{58A14DFF-6F18-4D83-B450-FC6A8CA9F8E9}.Debug|ARM.Deploy.0 = Debug|ARM
		{58A14DFF-6F18-4D83-B450-FC6A8CA9F8E9}.Debug|ARM64.ActiveCfg = Debug|ARM64
		{58A14DFF-6F18-4D83-B450-FC6A8CA9F8E9}.Debug|ARM64.Build.0 = Debug|ARM64
		{58A14DFF-6F18-4D83-B450-FC6A8CA9F8E9}.Debug|ARM64.Deploy.0 = Debug|ARM64
		{58A14DFF-6F18-4D83-B450-FC6A8CA9F8E9}.Debug|x64.ActiveCfg = Debug|x64
		{58A14DFF-6F18-4D83-B450-FC6A8CA9F8E9}.Debug|x64.Build.0 = Debug|x64
		{58A14DFF-6F18-4D83-B450-FC6A8CA9F8E9}.Debug|x64.Deploy.0 = Debug|x64
		{58A14DFF-6F18-4D83-B450-FC6A8CA9F8E9}.Debug|x86.ActiveCfg = Debug|x86
		{58A14DFF-6F18-4D83-B450-FC6A8CA9F8E9}.Debug|x86.Build.0 = Debug|x86
		{58A14DFF-6F18-4D83-B450-FC6A8CA9F8E9}.Debug|x86.Deploy.0 = Debug|x86
		{58A14DFF-6F18-4D83-B450-FC6A8CA9F8E9}.Release|ARM.ActiveCfg = Release|ARM
		{58A14DFF-6F18-4D83-B450-FC6A8CA9F8E9}.Release|ARM.Build.0 = Release|ARM
		{58A14DFF-6F18-4D83-B450-FC6A8CA9F8E9}.Release|ARM.Deploy.0 = Release|ARM
		{58A14DFF-6F18-4D83-B450-FC6A8CA9F8E9}.Release|ARM64.ActiveCfg = Release|ARM64
		{58A14DFF-6F18-4D83-B450-FC6A8CA9F8E9}.Release|ARM64.Build.0 = Release|ARM64
		{58A14DFF-6F18-4D83-B450-FC6A8CA9F8E9}.Release|ARM64.Deploy.0 = Release|ARM64
		{58A14DFF-6F18-4D83-B450-FC6A8CA9F8E9}.Release|x64.ActiveCfg = Release|x64
		{58A14DFF-6F18-4D83-B450-FC6A8CA9F8E9}.Release|x64.Build.0 = Release|x64
		{58A14DFF-6F18-4D83-B450-FC6A8CA9F8E9}.Release|x64.Deploy.0 = Release|x64
		{58A14DFF-6F18-4D83-B450-FC6A8CA9F8E9}.Release|x86.ActiveCfg = Release|x86
		{58A14DFF-6F18-4D83-B450-FC6A8CA9F8E9}.Release|x86.Build.0 = Release|x86
		{58A14DFF-6F18-4D83-B450-FC6A8CA9F8E9}.Release|x86.Deploy.0 = Release|x86
		{DD535D5F-1FBA-417B-924A-A312BA325FC6}.Debug|ARM.ActiveCfg = Debug|ARM
		{DD535D5F-1FBA-417B-924A-A312BA325FC6}.Debug|ARM.Build.0 = Debug|ARM
		{DD535D5F-1FBA-417B-924A-A312BA325FC6}.Debug|ARM.Deploy.0 = Debug|ARM
		{DD535D5F-1FBA-417B-924A-A312BA325FC6}.Debug|ARM64.ActiveCfg = Debug|ARM64
		{DD535D5F-1FBA-417B-924A-A312BA325FC6}.Debug|ARM64.Build.0 = Debug|ARM64
		{DD535D5F-1FBA-417B-924A-A312BA325FC6}.Debug|ARM64.Deploy.0 = Debug|ARM64
		{DD535D5F-1FBA-417B-924A-A312BA325FC6}.Debug|x64.ActiveCfg = Debug|x64
		{DD535D5F-1FBA-417B-924A-A312BA325FC6}.Debug|x64.Build.0 = Debug|x64
		{DD535D5F-1FBA-417B-924A-A312BA325FC6}.Debug|x64.Deploy.0 = Debug|x64
		{DD535D5F-1FBA-417B-924A-A312BA325FC6}.Debug|x86.ActiveCfg = Debug|x86
		{DD535D5F-1FBA-417B-924A-A312BA325FC6}.Debug|x86.Build.0 = Debug|x86
		{DD535D5F-1FBA-417B-924A-A312BA325FC6}.Debug|x86.Deploy.0 = Debug|x86
		{DD535D5F-1FBA-417B-924A-A312BA325FC6}.Release|ARM.ActiveCfg = Release|ARM
		{DD535D5F-1FBA-417B-924A-A312BA325FC6}.Release|ARM.Build.0 = Release|ARM
		{DD535D5F-1FBA-417B-924A-A312BA325FC6}.Release|ARM.Deploy.0 = Release|ARM
		{DD535D5F-1FBA-417B-924A-A312BA325FC6}.Release|ARM64.ActiveCfg = Release|ARM64
		{DD535D5F-1FBA-417B-924A-A312BA325FC6}.Release|ARM64.Build.0 = Release|ARM64
		{DD535D5F-1FBA-417B-924A-A312BA325FC6}.Release|ARM64.Deploy.0 = Release|ARM64
		{DD535D5F-1FBA-417B-924A-A312BA325FC6}.Release|x64.ActiveCfg = Release|x64
		{DD535D5F-1FBA-417B-924A-A312BA325FC6}.Release|x64.Build.0 = Release|x64
		{DD535D5F-1FBA-417B-924A-A312BA325FC6}.Release|x64.Deploy.0 = Release|x64
		{DD535D5F-1FBA-417B-924A-A312BA325FC6}.Release|x86.ActiveCfg = Release|x86
		{DD535D5F-1FBA-417B-924A-A312BA325FC6}.Release|x86.Build.0 = Release|x86
		{DD535D5F-1FBA-417B-924A-A312BA325FC6}.Release|x86.Deploy.0 = Release|x86
		{5D1ECA89-BA74-4EEE-9AF6-945B5AD9CE7A}.Debug|ARM.ActiveCfg = Debug|ARM
		{5D1ECA89-BA74-4EEE-9AF6-945B5AD9CE7A}.Debug|ARM.Build.0 = Debug|ARM
		{5D1ECA89-BA74-4EEE-9AF6-945B5AD9CE7A}.Debug|ARM.Deploy.0 = Debug|ARM
		{5D1ECA89-BA74-4EEE-9AF6-945B5AD9CE7A}.Debug|ARM64.ActiveCfg = Debug|ARM64
		{5D1ECA89-BA74-4EEE-9AF6-945B5AD9CE7A}.Debug|ARM64.Build.0 = Debug|ARM64
		{5D1ECA89-BA74-4EEE-9AF6-945B5AD9CE7A}.Debug|ARM64.Deploy.0 = Debug|ARM64
		{5D1ECA89-BA74-4EEE-9AF6-945B5AD9CE7A}.Debug|x64.ActiveCfg = Debug|x64
		{5D1ECA89-BA74-4EEE-9AF6-945B5AD9CE7A}.Debug|x64.Build.0 = Debug|x64
		{5D1ECA89-BA74-4EEE-9AF6-945B5AD9CE7A}.Debug|x64.Deploy.0 = Debug|x64
		{5D1ECA89-BA74-4EEE-9AF6-945B5AD9CE7A}.Debug|x86.ActiveCfg = Debug|x86
		{5D1ECA89-BA74-4EEE-9AF6-945B5AD9CE7A}.Debug|x86.Build.0 = Debug|x86
		{5D1ECA89-BA74-4EEE-9AF6-945B5AD9CE7A}.Debug|x86.Deploy.0 = Debug|x86
		{5D1ECA89-BA74-4EEE-9AF6-945B5AD9CE7A}.Release|ARM.ActiveCfg = Release|ARM
		{5D1ECA89-BA74-4EEE-9AF6-945B5AD9CE7A}.Release|ARM.Build.0 = Release|ARM
		{5D1ECA89-BA74-4EEE-9AF6-945B5AD9CE7A}.Release|ARM.Deploy.0 = Release|ARM
		{5D1ECA89-BA74-4EEE-9AF6-945B5AD9CE7A}.Release|ARM64.ActiveCfg = Release|ARM64
		{5D1ECA89-BA74-4EEE-9AF6-945B5AD9CE7A}.Release|ARM64.Build.0 = Release|ARM64
		{5D1ECA89-BA74-4EEE-9AF6-945B5AD9CE7A}.Release|ARM64.Deploy.0 = Release|ARM64
		{5D1ECA89-BA74-4EEE-9AF6-945B5AD9CE7A}.Release|x64.ActiveCfg = Release|x64
		{5D1ECA89-BA74-4EEE-9AF6-945B5AD9CE7A}.Release|x64.Build.0 = Release|x64
		{5D1ECA89-BA74-4EEE-9AF6-945B5AD9CE7A}.Release|x64.Deploy.0 = Release|x64
		{5D1ECA89-BA74-4EEE-9AF6-945B5AD9CE7A}.Release|x86.ActiveCfg = Release|x86
		{5D1ECA89-BA74-4EEE-9AF6-945B5AD9CE7A}.Release|x86.Build.0 = Release|x86
		{5D1ECA89-BA74-4EEE-9AF6-945B5AD9CE7A}.Release|x86.Deploy.0 = Release|x86
		{BBE7A5DD-9B94-4A97-A395-2110B2B24836}.Debug|ARM.ActiveCfg = Debug|ARM
		{BBE7A5DD-9B94-4A97-A395-2110B2B24836}.Debug|ARM.Build.0 = Debug|ARM
		{BBE7A5DD-9B94-4A97-A395-2110B2B24836}.Debug|ARM.Deploy.0 = Debug|ARM
		{BBE7A5DD-9B94-4A97-A395-2110B2B24836}.Debug|ARM64.ActiveCfg = Debug|ARM64
		{BBE7A5DD-9B94-4A97-A395-2110B2B24836}.Debug|ARM64.Build.0 = Debug|ARM64
		{BBE7A5DD-9B94-4A97-A395-2110B2B24836}.Debug|ARM64.Deploy.0 = Debug|ARM64
		{BBE7A5DD-9B94-4A97-A395-2110B2B24836}.Debug|x64.ActiveCfg = Debug|x64
		{BBE7A5DD-9B94-4A97-A395-2110B2B24836}.Debug|x64.Build.0 = Debug|x64
		{BBE7A5DD-9B94-4A97-A395-2110B2B24836}.Debug|x64.Deploy.0 = Debug|x64
		{BBE7A5DD-9B94-4A97-A395-2110B2B24836}.Debug|x86.ActiveCfg = Debug|x86
		{BBE7A5DD-9B94-4A97-A395-2110B2B24836}.Debug|x86.Build.0 = Debug|x86
		{BBE7A5DD-9B94-4A97-A395-2110B2B24836}.Debug|x86.Deploy.0 = Debug|x86
		{BBE7A5DD-9B94-4A97-A395-2110B2B24836}.Release|ARM.ActiveCfg = Release|ARM
		{BBE7A5DD-9B94-4A97-A395-2110B2B24836}.Release|ARM.Build.0 = Release|ARM
		{BBE7A5DD-9B94-4A97-A395-2110B2B24836}.Release|ARM.Deploy.0 = Release|ARM
		{BBE7A5DD-9B94-4A97-A395-2110B2B24836}.Release|ARM64.ActiveCfg = Release|ARM64
		{BBE7A5DD-9B94-4A97-A395-2110B2B24836}.Release|ARM64.Build.0 = Release|ARM64
		{BBE7A5DD-9B94-4A97-A395-2110B2B24836}.Release|ARM64.Deploy.0 = Release|ARM64
		{BBE7A5DD-9B94-4A97-A395-2110B2B24836}.Release|x64.ActiveCfg = Release|x64
		{BBE7A5DD-9B94-4A97-A395-2110B2B24836}.Release|x64.Build.0 = Release|x64
		{BBE7A5DD-9B94-4A97-A395-2110B2B24836}.Release|x64.Deploy.0 = Release|x64
		{BBE7A5DD-9B94-4A97-A395-2110B2B24836}.Release|x86.ActiveCfg = Release|x86
		{BBE7A5DD-9B94-4A97-A395-2110B2B24836}.Release|x86.Build.0 = Release|x86
		{BBE7A5DD-9B94-4A97-A395-2110B2B24836}.Release|x86.Deploy.0 = Release|x86
		{565B7DBA-27EA-4FBC-ADBD-99C5D545BE13}.Debug|ARM.ActiveCfg = Debug|ARM
		{565B7DBA-27EA-4FBC-ADBD-99C5D545BE13}.Debug|ARM.Build.0 = Debug|ARM
		{565B7DBA-27EA-4FBC-ADBD-99C5D545BE13}.Debug|ARM.Deploy.0 = Debug|ARM
		{565B7DBA-27EA-4FBC-ADBD-99C5D545BE13}.Debug|ARM64.ActiveCfg = Debug|ARM64
		{565B7DBA-27EA-4FBC-ADBD-99C5D545BE13}.Debug|ARM64.Build.0 = Debug|ARM64
		{565B7DBA-27EA-4FBC-ADBD-99C5D545BE13}.Debug|ARM64.Deploy.0 = Debug|ARM64
		{565B7DBA-27EA-4FBC-ADBD-99C5D545BE13}.Debug|x64.ActiveCfg = Debug|x64
		{565B7DBA-27EA-4FBC-ADBD-99C5D545BE13}.Debug|x64.Build.0 = Debug|x64
		{565B7DBA-27EA-4FBC-ADBD-99C5D545BE13}.Debug|x64.Deploy.0 = Debug|x64
		{565B7DBA-27EA-4FBC-ADBD-99C5D545BE13}.Debug|x86.ActiveCfg = Debug|x86
		{565B7DBA-27EA-4FBC-ADBD-99C5D545BE13}.Debug|x86.Build.0 = Debug|x86
		{565B7DBA-27EA-4FBC-ADBD-99C5D545BE13}.Debug|x86.Deploy.0 = Debug|x86
		{565B7DBA-27EA-4FBC-ADBD-99C5D545BE13}.Release|ARM.ActiveCfg = Release|ARM
		{565B7DBA-27EA-4FBC-ADBD-99C5D545BE13}.Release|ARM.Build.0 = Release|ARM
		{565B7DBA-27EA-4FBC-ADBD-99C5D545BE13}.Release|ARM.Deploy.0 = Release|ARM
		{565B7DBA-27EA-4FBC-ADBD-99C5D545BE13}.Release|ARM64.ActiveCfg = Release|ARM64
		{565B7DBA-27EA-4FBC-ADBD-99C5D545BE13}.Release|ARM64.Build.0 = Release|ARM64
		{565B7DBA-27EA-4FBC-ADBD-99C5D545BE13}.Release|ARM64.Deploy.0 = Release|ARM64
		{565B7DBA-27EA-4FBC-ADBD-99C5D545BE13}.Release|x64.ActiveCfg = Release|x64
		{565B7DBA-27EA-4FBC-ADBD-99C5D545BE13}.Release|x64.Build.0 = Release|x64
		{565B7DBA-27EA-4FBC-ADBD-99C5D545BE13}.Release|x64.Deploy.0 = Release|x64
		{565B7DBA-27EA-4FBC-ADBD-99C5D545BE13}.Release|x86.ActiveCfg = Release|x86
		{565B7DBA-27EA-4FBC-ADBD-99C5D545BE13}.Release|x86.Build.0 = Release|x86
		{565B7DBA-27EA-4FBC-ADBD-99C5D545BE13}.Release|x86.Deploy.0 = Release|x86
		{174C7CF8-6EA9-4986-9CAF-A8885ECE5755}.Debug|ARM.ActiveCfg = Debug|ARM
		{174C7CF8-6EA9-4986-9CAF-A8885ECE5755}.Debug|ARM.Build.0 = Debug|ARM
		{174C7CF8-6EA9-4986-9CAF-A8885ECE5755}.Debug|ARM.Deploy.0 = Debug|ARM
		{174C7CF8-6EA9-4986-9CAF-A8885ECE5755}.Debug|ARM64.ActiveCfg = Debug|ARM64
		{174C7CF8-6EA9-4986-9CAF-A8885ECE5755}.Debug|ARM64.Build.0 = Debug|ARM64
		{174C7CF8-6EA9-4986-9CAF-A8885ECE5755}.Debug|ARM64.Deploy.0 = Debug|ARM64
		{174C7CF8-6EA9-4986-9CAF-A8885ECE5755}.Debug|x64.ActiveCfg = Debug|x64
		{174C7CF8-6EA9-4986-9CAF-A8885ECE5755}.Debug|x64.Build.0 = Debug|x64
		{174C7CF8-6EA9-4986-9CAF-A8885ECE5755}.Debug|x64.Deploy.0 = Debug|x64
		{174C7CF8-6EA9-4986-9CAF-A8885ECE5755}.Debug|x86.ActiveCfg = Debug|x86
		{174C7CF8-6EA9-4986-9CAF-A8885ECE5755}.Debug|x86.Build.0 = Debug|x86
		{174C7CF8-6EA9-4986-9CAF-A8885ECE5755}.Debug|x86.Deploy.0 = Debug|x86
		{174C7CF8-6EA9-4986-9CAF-A8885ECE5755}.Release|ARM.ActiveCfg = Release|ARM
		{174C7CF8-6EA9-4986-9CAF-A8885ECE5755}.Release|ARM.Build.0 = Release|ARM
		{174C7CF8-6EA9-4986-9CAF-A8885ECE5755}.Release|ARM.Deploy.0 = Release|ARM
		{174C7CF8-6EA9-4986-9CAF-A8885ECE5755}.Release|ARM64.ActiveCfg = Release|ARM64
		{174C7CF8-6EA9-4986-9CAF-A8885ECE5755}.Release|ARM64.Build.0 = Release|ARM64
		{174C7CF8-6EA9-4986-9CAF-A8885ECE5755}.Release|ARM64.Deploy.0 = Release|ARM64
		{174C7CF8-6EA9-4986-9CAF-A8885ECE5755}.Release|x64.ActiveCfg = Release|x64
		{174C7CF8-6EA9-4986-9CAF-A8885ECE5755}.Release|x64.Build.0 = Release|x64
		{174C7CF8-6EA9-4986-9CAF-A8885ECE5755}.Release|x64.Deploy.0 = Release|x64
		{174C7CF8-6EA9-4986-9CAF-A8885ECE5755}.Release|x86.ActiveCfg = Release|x86
		{174C7CF8-6EA9-4986-9CAF-A8885ECE5755}.Release|x86.Build.0 = Release|x86
		{174C7CF8-6EA9-4986-9CAF-A8885ECE5755}.Release|x86.Deploy.0 = Release|x86
		{F6E8FC65-6169-4202-9029-ED16A03C1EE6}.Debug|ARM.ActiveCfg = Debug|ARM
		{F6E8FC65-6169-4202-9029-ED16A03C1EE6}.Debug|ARM.Build.0 = Debug|ARM
		{F6E8FC65-6169-4202-9029-ED16A03C1EE6}.Debug|ARM.Deploy.0 = Debug|ARM
		{F6E8FC65-6169-4202-9029-ED16A03C1EE6}.Debug|ARM64.ActiveCfg = Debug|ARM64
		{F6E8FC65-6169-4202-9029-ED16A03C1EE6}.Debug|ARM64.Build.0 = Debug|ARM64
		{F6E8FC65-6169-4202-9029-ED16A03C1EE6}.Debug|ARM64.Deploy.0 = Debug|ARM64
		{F6E8FC65-6169-4202-9029-ED16A03C1EE6}.Debug|x64.ActiveCfg = Debug|x64
		{F6E8FC65-6169-4202-9029-ED16A03C1EE6}.Debug|x64.Build.0 = Debug|x64
		{F6E8FC65-6169-4202-9029-ED16A03C1EE6}.Debug|x64.Deploy.0 = Debug|x64
		{F6E8FC65-6169-4202-9029-ED16A03C1EE6}.Debug|x86.ActiveCfg = Debug|x86
		{F6E8FC65-6169-4202-9029-ED16A03C1EE6}.Debug|x86.Build.0 = Debug|x86
		{F6E8FC65-6169-4202-9029-ED16A03C1EE6}.Debug|x86.Deploy.0 = Debug|x86
		{F6E8FC65-6169-4202-9029-ED16A03C1EE6}.Release|ARM.ActiveCfg = Release|ARM
		{F6E8FC65-6169-4202-9029-ED16A03C1EE6}.Release|ARM.Build.0 = Release|ARM
		{F6E8FC65-6169-4202-9029-ED16A03C1EE6}.Release|ARM.Deploy.0 = Release|ARM
		{F6E8FC65-6169-4202-9029-ED16A03C1EE6}.Release|ARM64.ActiveCfg = Release|ARM64
		{F6E8FC65-6169-4202-9029-ED16A03C1EE6}.Release|ARM64.Build.0 = Release|ARM64
		{F6E8FC65-6169-4202-9029-ED16A03C1EE6}.Release|ARM64.Deploy.0 = Release|ARM64
		{F6E8FC65-6169-4202-9029-ED16A03C1EE6}.Release|x64.ActiveCfg = Release|x64
		{F6E8FC65-6169-4202-9029-ED16A03C1EE6}.Release|x64.Build.0 = Release|x64
		{F6E8FC65-6169-4202-9029-ED16A03C1EE6}.Release|x64.Deploy.0 = Release|x64
		{F6E8FC65-6169-4202-9029-ED16A03C1EE6}.Release|x86.ActiveCfg = Release|x86
		{F6E8FC65-6169-4202-9029-ED16A03C1EE6}.Release|x86.Build.0 = Release|x86
		{F6E8FC65-6169-4202-9029-ED16A03C1EE6}.Release|x86.Deploy.0 = Release|x86
		{52799A3A-B327-4531-AB90-B2F8D20BB895}.Debug|ARM.ActiveCfg = Debug|ARM
		{52799A3A-B327-4531-AB90-B2F8D20BB895}.Debug|ARM.Build.0 = Debug|ARM
		{52799A3A-B327-4531-AB90-B2F8D20BB895}.Debug|ARM.Deploy.0 = Debug|ARM
		{52799A3A-B327-4531-AB90-B2F8D20BB895}.Debug|ARM64.ActiveCfg = Debug|ARM64
		{52799A3A-B327-4531-AB90-B2F8D20BB895}.Debug|ARM64.Build.0 = Debug|ARM64
		{52799A3A-B327-4531-AB90-B2F8D20BB895}.Debug|ARM64.Deploy.0 = Debug|ARM64
		{52799A3A-B327-4531-AB90-B2F8D20BB895}.Debug|x64.ActiveCfg = Debug|x64
		{52799A3A-B327-4531-AB90-B2F8D20BB895}.Debug|x64.Build.0 = Debug|x64
		{52799A3A-B327-4531-AB90-B2F8D20BB895}.Debug|x64.Deploy.0 = Debug|x64
		{52799A3A-B327-4531-AB90-B2F8D20BB895}.Debug|x86.ActiveCfg = Debug|x86
		{52799A3A-B327-4531-AB90-B2F8D20BB895}.Debug|x86.Build.0 = Debug|x86
		{52799A3A-B327-4531-AB90-B2F8D20BB895}.Debug|x86.Deploy.0 = Debug|x86
		{52799A3A-B327-4531-AB90-B2F8D20BB895}.Release|ARM.ActiveCfg = Release|ARM
		{52799A3A-B327-4531-AB90-B2F8D20BB895}.Release|ARM.Build.0 = Release|ARM
		{52799A3A-B327-4531-AB90-B2F8D20BB895}.Release|ARM.Deploy.0 = Release|ARM
		{52799A3A-B327-4531-AB90-B2F8D20BB895}.Release|ARM64.ActiveCfg = Release|ARM64
		{52799A3A-B327-4531-AB90-B2F8D20BB895}.Release|ARM64.Build.0 = Release|ARM64
		{52799A3A-B327-4531-AB90-B2F8D20BB895}.Release|ARM64.Deploy.0 = Release|ARM64
		{52799A3A-B327-4531-AB90-B2F8D20BB895}.Release|x64.ActiveCfg = Release|x64
		{52799A3A-B327-4531-AB90-B2F8D20BB895}.Release|x64.Build.0 = Release|x64
		{52799A3A-B327-4531-AB90-B2F8D20BB895}.Release|x64.Deploy.0 = Release|x64
		{52799A3A-B327-4531-AB90-B2F8D20BB895}.Release|x86.ActiveCfg = Release|x86
		{52799A3A-B327-4531-AB90-B2F8D20BB895}.Release|x86.Build.0 = Release|x86
		{52799A3A-B327-4531-AB90-B2F8D20BB895}.Release|x86.Deploy.0 = Release|x86
	EndGlobalSection
	GlobalSection(SolutionProperties) = preSolution
		HideSolutionNode = FALSE
	EndGlobalSection
	GlobalSection(ExtensibilityGlobals) = postSolution
		SolutionGuid = {74E89FA7-2CE5-41E7-B6AC-BD8B0B57EB97}
	EndGlobalSection
EndGlobal
